// !$*UTF8*$!
{
	archiveVersion = 1;
	classes = {
	};
	objectVersion = 51;
	objects = {

/* Begin PBXBuildFile section */
		860792EE2658E6760085ED7D /* SimpleUser.swift in Sources */ = {isa = PBXBuildFile; fileRef = 860792ED2658E6760085ED7D /* SimpleUser.swift */; };
		860A035E265BA31100067F23 /* CalendarNibCell.swift in Sources */ = {isa = PBXBuildFile; fileRef = 860A035C265BA31100067F23 /* CalendarNibCell.swift */; };
		860A035F265BA31100067F23 /* CalendarNibCell.xib in Resources */ = {isa = PBXBuildFile; fileRef = 860A035D265BA31100067F23 /* CalendarNibCell.xib */; };
		860A0365265BA7D900067F23 /* CTableViewController.swift in Sources */ = {isa = PBXBuildFile; fileRef = 860A0364265BA7D900067F23 /* CTableViewController.swift */; };
		860A036C265BB2AD00067F23 /* CTableViewCell.swift in Sources */ = {isa = PBXBuildFile; fileRef = 860A036B265BB2AD00067F23 /* CTableViewCell.swift */; };
		860B3BAE266937FF008D5267 /* 60377-letter.json in Resources */ = {isa = PBXBuildFile; fileRef = 860B3BAC266937FF008D5267 /* 60377-letter.json */; };
		860B3BAF266937FF008D5267 /* 56380-calendar.json in Resources */ = {isa = PBXBuildFile; fileRef = 860B3BAD266937FF008D5267 /* 56380-calendar.json */; };
		860B3BB32669E0DE008D5267 /* UserDefaultsName.swift in Sources */ = {isa = PBXBuildFile; fileRef = 860B3BB22669E0DE008D5267 /* UserDefaultsName.swift */; };
		860B5C922652297200171ED3 /* CreateFirstCell.swift in Sources */ = {isa = PBXBuildFile; fileRef = 860B5C912652297200171ED3 /* CreateFirstCell.swift */; };
		86102767266CA68C008DEFD0 /* InvitesTableViewCell.swift in Sources */ = {isa = PBXBuildFile; fileRef = 86102765266CA68C008DEFD0 /* InvitesTableViewCell.swift */; };
		86102768266CA68C008DEFD0 /* InvitesTableViewCell.xib in Resources */ = {isa = PBXBuildFile; fileRef = 86102766266CA68C008DEFD0 /* InvitesTableViewCell.xib */; };
		8610276C266CB713008DEFD0 /* OrderViewModel.swift in Sources */ = {isa = PBXBuildFile; fileRef = 8610276B266CB713008DEFD0 /* OrderViewModel.swift */; };
		8614DE9C2652A56200DC0A9D /* UIButton+Extension.swift in Sources */ = {isa = PBXBuildFile; fileRef = 8614DE9B2652A56100DC0A9D /* UIButton+Extension.swift */; };
		861885EE264E31FD0048D9AA /* UITableView+Extension.swift in Sources */ = {isa = PBXBuildFile; fileRef = 861885ED264E31FD0048D9AA /* UITableView+Extension.swift */; };
		861885F6264E5FD60048D9AA /* OptionEventTableViewCell.swift in Sources */ = {isa = PBXBuildFile; fileRef = 861885F4264E5FD60048D9AA /* OptionEventTableViewCell.swift */; };
		861885F7264E5FD60048D9AA /* OptionEventTableViewCell.xib in Resources */ = {isa = PBXBuildFile; fileRef = 861885F5264E5FD60048D9AA /* OptionEventTableViewCell.xib */; };
		86188602264E76170048D9AA /* Constants.swift in Sources */ = {isa = PBXBuildFile; fileRef = 86188601264E76170048D9AA /* Constants.swift */; };
		8618860C264E78160048D9AA /* CreateSecondVC.swift in Sources */ = {isa = PBXBuildFile; fileRef = 8618860B264E78160048D9AA /* CreateSecondVC.swift */; };
		86188610264E78730048D9AA /* OptionCollectionViewCell copy.swift in Sources */ = {isa = PBXBuildFile; fileRef = 8618860F264E78730048D9AA /* OptionCollectionViewCell copy.swift */; };
		861A626C2667AD420002EFD9 /* CreateEventViewModel.swift in Sources */ = {isa = PBXBuildFile; fileRef = 861A626B2667AD420002EFD9 /* CreateEventViewModel.swift */; };
		861B402226577AF9004D1763 /* OptionsCell.swift in Sources */ = {isa = PBXBuildFile; fileRef = 861B402126577AF8004D1763 /* OptionsCell.swift */; };
		861B402526577B66004D1763 /* OptionalSettingsCell.swift in Sources */ = {isa = PBXBuildFile; fileRef = 861B402426577B66004D1763 /* OptionalSettingsCell.swift */; };
		861F65DC264D13E000A54C00 /* TabCalendarViewController.swift in Sources */ = {isa = PBXBuildFile; fileRef = 861F65DB264D13E000A54C00 /* TabCalendarViewController.swift */; };
		861F65E2264D1F8700A54C00 /* EventTableViewCell.swift in Sources */ = {isa = PBXBuildFile; fileRef = 861F65E0264D1F8700A54C00 /* EventTableViewCell.swift */; };
		861F65E3264D1F8700A54C00 /* EventTableViewCell.xib in Resources */ = {isa = PBXBuildFile; fileRef = 861F65E1264D1F8700A54C00 /* EventTableViewCell.xib */; };
		861F6619264D38AB00A54C00 /* SettingsViewController.swift in Sources */ = {isa = PBXBuildFile; fileRef = 861F6618264D38AB00A54C00 /* SettingsViewController.swift */; };
		861F661D264D38EA00A54C00 /* SettingsTableViewCell.swift in Sources */ = {isa = PBXBuildFile; fileRef = 861F661C264D38EA00A54C00 /* SettingsTableViewCell.swift */; };
		861F6628264D5D9800A54C00 /* OptionCollectionViewCell.xib in Resources */ = {isa = PBXBuildFile; fileRef = 861F6626264D5D9800A54C00 /* OptionCollectionViewCell.xib */; };
		8632C7702668E6A5004D5D3A /* LoginViewController.swift in Sources */ = {isa = PBXBuildFile; fileRef = 8632C76F2668E6A5004D5D3A /* LoginViewController.swift */; };
		8637064F2654EDC100D0A0AB /* EditViewController.swift in Sources */ = {isa = PBXBuildFile; fileRef = 8637064C2654EDC100D0A0AB /* EditViewController.swift */; };
		863706502654EDC100D0A0AB /* VotingTableViewCell.swift in Sources */ = {isa = PBXBuildFile; fileRef = 8637064E2654EDC100D0A0AB /* VotingTableViewCell.swift */; };
		863706512654EDC100D0A0AB /* VoteSuccessVC.swift in Sources */ = {isa = PBXBuildFile; fileRef = 8637064D2654EDC100D0A0AB /* VoteSuccessVC.swift */; };
		86392C59264FA46C003F7EBC /* MeetingTableViewCell.swift in Sources */ = {isa = PBXBuildFile; fileRef = 86392C57264FA46C003F7EBC /* MeetingTableViewCell.swift */; };
		86392C5A264FA46C003F7EBC /* MeetingTableViewCell.xib in Resources */ = {isa = PBXBuildFile; fileRef = 86392C58264FA46C003F7EBC /* MeetingTableViewCell.xib */; };
		863B083226581C2D007CFBF3 /* ShareSuccessVC.swift in Sources */ = {isa = PBXBuildFile; fileRef = 863B083126581C2D007CFBF3 /* ShareSuccessVC.swift */; };
		86406555264D98D6003C756D /* TabBarController.swift in Sources */ = {isa = PBXBuildFile; fileRef = 86406554264D98D6003C756D /* TabBarController.swift */; };
		8640655B264D9910003C756D /* UIStoryboard+Extension.swift in Sources */ = {isa = PBXBuildFile; fileRef = 8640655A264D9910003C756D /* UIStoryboard+Extension.swift */; };
		86504B8C2650088800E42C51 /* NewsEventTableViewCell.swift in Sources */ = {isa = PBXBuildFile; fileRef = 86504B8B2650088800E42C51 /* NewsEventTableViewCell.swift */; };
		86504B902650095800E42C51 /* UIView+Extension.swift in Sources */ = {isa = PBXBuildFile; fileRef = 86504B8F2650095800E42C51 /* UIView+Extension.swift */; };
		86504B962650207D00E42C51 /* NewsViewController.swift in Sources */ = {isa = PBXBuildFile; fileRef = 86504B952650207D00E42C51 /* NewsViewController.swift */; };
		8653117F264FC39700CFB4F7 /* UIButtonActivity.swift in Sources */ = {isa = PBXBuildFile; fileRef = 8653117E264FC39700CFB4F7 /* UIButtonActivity.swift */; };
		86531184264FC84000CFB4F7 /* TopNewsTableViewCell.swift in Sources */ = {isa = PBXBuildFile; fileRef = 86531183264FC84000CFB4F7 /* TopNewsTableViewCell.swift */; };
		865A00E0265394820061A0E4 /* Voting.storyboard in Resources */ = {isa = PBXBuildFile; fileRef = 865A00DF265394820061A0E4 /* Voting.storyboard */; };
		865A00E42653A9AA0061A0E4 /* VotingViewController.swift in Sources */ = {isa = PBXBuildFile; fileRef = 865A00E22653A9AA0061A0E4 /* VotingViewController.swift */; };
		865A00E52653A9AA0061A0E4 /* EditTableViewCell.swift in Sources */ = {isa = PBXBuildFile; fileRef = 865A00E32653A9AA0061A0E4 /* EditTableViewCell.swift */; };
		865A00EE265428FF0061A0E4 /* FurtureTableViewController.swift in Sources */ = {isa = PBXBuildFile; fileRef = 865A00ED265428FF0061A0E4 /* FurtureTableViewController.swift */; };
		865A00F22654297A0061A0E4 /* PastTableViewController.swift in Sources */ = {isa = PBXBuildFile; fileRef = 865A00F12654297A0061A0E4 /* PastTableViewController.swift */; };
		8661E0352666187A00BD23F5 /* InvitesViewController.swift in Sources */ = {isa = PBXBuildFile; fileRef = 8661E0342666187A00BD23F5 /* InvitesViewController.swift */; };
		8661E03D26661DDF00BD23F5 /* ResutlsViewController.swift in Sources */ = {isa = PBXBuildFile; fileRef = 8661E03C26661DDF00BD23F5 /* ResutlsViewController.swift */; };
		8661E04126661E0F00BD23F5 /* ResutlsCollectionViewCell.swift in Sources */ = {isa = PBXBuildFile; fileRef = 8661E04026661E0F00BD23F5 /* ResutlsCollectionViewCell.swift */; };
		8661E04426661E1F00BD23F5 /* ResultsTableViewCell.swift in Sources */ = {isa = PBXBuildFile; fileRef = 8661E04326661E1F00BD23F5 /* ResultsTableViewCell.swift */; };
		8664422326600CFD00CE0CFA /* VoteViewModel.swift in Sources */ = {isa = PBXBuildFile; fileRef = 8664422226600CFD00CE0CFA /* VoteViewModel.swift */; };
		8665BE55265B6A2200408685 /* EventManager.swift in Sources */ = {isa = PBXBuildFile; fileRef = 8665BE54265B6A2200408685 /* EventManager.swift */; };
		866813E02667389D00659495 /* ResultTableViewCell.swift in Sources */ = {isa = PBXBuildFile; fileRef = 866813DF2667389D00659495 /* ResultTableViewCell.swift */; };
		866C974626563BF000687386 /* DateHelper.swift in Sources */ = {isa = PBXBuildFile; fileRef = 866C974526563BF000687386 /* DateHelper.swift */; };
		866C974D26563CD900687386 /* UIColorHelper.swift in Sources */ = {isa = PBXBuildFile; fileRef = 866C974B26563CD900687386 /* UIColorHelper.swift */; };
		866C975026563E9400687386 /* ImageHelper.swift in Sources */ = {isa = PBXBuildFile; fileRef = 866C974F26563E9400687386 /* ImageHelper.swift */; };
		8671774D2669059A00F96535 /* Login.storyboard in Resources */ = {isa = PBXBuildFile; fileRef = 8671774C2669059A00F96535 /* Login.storyboard */; };
		867177522669171B00F96535 /* File.swift in Sources */ = {isa = PBXBuildFile; fileRef = 867177512669171B00F96535 /* File.swift */; };
		86717782266927F800F96535 /* UserViewModel.swift in Sources */ = {isa = PBXBuildFile; fileRef = 86717781266927F800F96535 /* UserViewModel.swift */; };
		8671778526692B6200F96535 /* StoryboardName.swift in Sources */ = {isa = PBXBuildFile; fileRef = 8671778426692B6200F96535 /* StoryboardName.swift */; };
		8672AB3F266CBEB300FB44B4 /* UpdateNotificationVM.swift in Sources */ = {isa = PBXBuildFile; fileRef = 8672AB3E266CBEB300FB44B4 /* UpdateNotificationVM.swift */; };
		8672AB44266CC2A200FB44B4 /* Notification.swift in Sources */ = {isa = PBXBuildFile; fileRef = 8672AB43266CC2A200FB44B4 /* Notification.swift */; };
		8672AB48266CC3F300FB44B4 /* NotificationViewModel.swift in Sources */ = {isa = PBXBuildFile; fileRef = 8672AB47266CC3F300FB44B4 /* NotificationViewModel.swift */; };
		8672AB4C266CC4C800FB44B4 /* NotificationManager.swift in Sources */ = {isa = PBXBuildFile; fileRef = 8672AB4B266CC4C700FB44B4 /* NotificationManager.swift */; };
		867950C32651741C0041847C /* String+Extension.swift in Sources */ = {isa = PBXBuildFile; fileRef = 867950C22651741C0041847C /* String+Extension.swift */; };
		8680F09D26653D2C004B46D6 /* VotingViewModel.swift in Sources */ = {isa = PBXBuildFile; fileRef = 8680F09C26653D2C004B46D6 /* VotingViewModel.swift */; };
		8681A643265E87D4007CF61A /* SelectOptionViewModel.swift in Sources */ = {isa = PBXBuildFile; fileRef = 8681A642265E87D4007CF61A /* SelectOptionViewModel.swift */; };
		8681A64E265E898B007CF61A /* OptionTime.swift in Sources */ = {isa = PBXBuildFile; fileRef = 8681A64D265E898B007CF61A /* OptionTime.swift */; };
		8681A652265E8D48007CF61A /* OptionManager.swift in Sources */ = {isa = PBXBuildFile; fileRef = 8681A651265E8D48007CF61A /* OptionManager.swift */; };
		86824A42265ABFDC00BD706D /* UILabel+Extension.swift in Sources */ = {isa = PBXBuildFile; fileRef = 86824A41265ABFDC00BD706D /* UILabel+Extension.swift */; };
		86824A4F265B50A400BD706D /* BaseViewController.swift in Sources */ = {isa = PBXBuildFile; fileRef = 86824A4E265B50A400BD706D /* BaseViewController.swift */; };
		868649FC265B74E700E7040F /* CalendarViewModel.swift in Sources */ = {isa = PBXBuildFile; fileRef = 868649FB265B74E700E7040F /* CalendarViewModel.swift */; };
		8688E39D266C815300D41A6D /* UserEventViewModel.swift in Sources */ = {isa = PBXBuildFile; fileRef = 8688E39C266C815300D41A6D /* UserEventViewModel.swift */; };
		8688E3A7266C8E9800D41A6D /* SampleUserManager.swift in Sources */ = {isa = PBXBuildFile; fileRef = 8688E3A6266C8E9800D41A6D /* SampleUserManager.swift */; };
		868B1D4E266777B9004CFDF1 /* VotingResultViewController.swift in Sources */ = {isa = PBXBuildFile; fileRef = 868B1D4D266777B8004CFDF1 /* VotingResultViewController.swift */; };
		868DA03F26652E7600E53722 /* OptionViewModel.swift in Sources */ = {isa = PBXBuildFile; fileRef = 868DA03E26652E7600E53722 /* OptionViewModel.swift */; };
		8694B6E7266532D500B9A489 /* VoteManager.swift in Sources */ = {isa = PBXBuildFile; fileRef = 8694B6E6266532D500B9A489 /* VoteManager.swift */; };
		86997225265B687E00A2020A /* EventViewModel.swift in Sources */ = {isa = PBXBuildFile; fileRef = 86997224265B687D00A2020A /* EventViewModel.swift */; };
		8699BB302667BBEB00D71254 /* CloseSuccessVC.swift in Sources */ = {isa = PBXBuildFile; fileRef = 8699BB2F2667BBEA00D71254 /* CloseSuccessVC.swift */; };
		869F6E80264CE10A004681A2 /* NavigationController.swift in Sources */ = {isa = PBXBuildFile; fileRef = 869F6E7F264CE10A004681A2 /* NavigationController.swift */; };
		869F83F426551ACC00DA1D53 /* User.swift in Sources */ = {isa = PBXBuildFile; fileRef = 869F83F326551ACC00DA1D53 /* User.swift */; };
		869F83F82655304A00DA1D53 /* AskInfo.swift in Sources */ = {isa = PBXBuildFile; fileRef = 869F83F72655304A00DA1D53 /* AskInfo.swift */; };
		869F83FD265531EC00DA1D53 /* Event.swift in Sources */ = {isa = PBXBuildFile; fileRef = 869F83FC265531EC00DA1D53 /* Event.swift */; };
		869F8401265532CA00DA1D53 /* Invite.swift in Sources */ = {isa = PBXBuildFile; fileRef = 869F8400265532CA00DA1D53 /* Invite.swift */; };
		869F8405265534A800DA1D53 /* SelectedOption.swift in Sources */ = {isa = PBXBuildFile; fileRef = 869F8404265534A800DA1D53 /* SelectedOption.swift */; };
		869F840A2655357A00DA1D53 /* Meeting.swift in Sources */ = {isa = PBXBuildFile; fileRef = 869F84092655357A00DA1D53 /* Meeting.swift */; };
		869F840E2655363B00DA1D53 /* Option.swift in Sources */ = {isa = PBXBuildFile; fileRef = 869F840D2655363B00DA1D53 /* Option.swift */; };
		869F841D265547DF00DA1D53 /* GoogleService-Info.plist in Resources */ = {isa = PBXBuildFile; fileRef = 869F841C265547DF00DA1D53 /* GoogleService-Info.plist */; };
		869F842626560C6900DA1D53 /* UserManager.swift in Sources */ = {isa = PBXBuildFile; fileRef = 869F842526560C6900DA1D53 /* UserManager.swift */; };
		869F842A26560C8400DA1D53 /* NetworkManager.swift in Sources */ = {isa = PBXBuildFile; fileRef = 869F842926560C8400DA1D53 /* NetworkManager.swift */; };
		869F842F265613B000DA1D53 /* MainViewModel.swift in Sources */ = {isa = PBXBuildFile; fileRef = 869F842E265613B000DA1D53 /* MainViewModel.swift */; };
		869F8434265613DD00DA1D53 /* MeetingViewModel.swift in Sources */ = {isa = PBXBuildFile; fileRef = 869F8433265613DD00DA1D53 /* MeetingViewModel.swift */; };
		869F844726561D6200DA1D53 /* Box.swift in Sources */ = {isa = PBXBuildFile; fileRef = 869F844526561D6200DA1D53 /* Box.swift */; };
		869F844A26561F7000DA1D53 /* CreateMeetingViewModel.swift in Sources */ = {isa = PBXBuildFile; fileRef = 869F844926561F6F00DA1D53 /* CreateMeetingViewModel.swift */; };
		86A6620C2669E68400DBB799 /* LoginViewModel.swift in Sources */ = {isa = PBXBuildFile; fileRef = 86A6620B2669E68400DBB799 /* LoginViewModel.swift */; };
		86A67D032667C58500E2F174 /* EditSuccessVC.swift in Sources */ = {isa = PBXBuildFile; fileRef = 86A67D022667C58400E2F174 /* EditSuccessVC.swift */; };
		86AAB24C265A61E200C40141 /* OptionsData.swift in Sources */ = {isa = PBXBuildFile; fileRef = 86AAB24B265A61E200C40141 /* OptionsData.swift */; };
		86AAB24F265A620600C40141 /* UserSelectedData.swift in Sources */ = {isa = PBXBuildFile; fileRef = 86AAB24E265A620600C40141 /* UserSelectedData.swift */; };
		86AABACE266A8314006D6D06 /* JGProgressHUDHelper.swift in Sources */ = {isa = PBXBuildFile; fileRef = 86AABACD266A8314006D6D06 /* JGProgressHUDHelper.swift */; };
		86AABAD9266BB30A006D6D06 /* AddMeetingViewController.swift in Sources */ = {isa = PBXBuildFile; fileRef = 86AABAD8266BB30A006D6D06 /* AddMeetingViewController.swift */; };
		86AABADC266BBB29006D6D06 /* AddViewModel.swift in Sources */ = {isa = PBXBuildFile; fileRef = 86AABADB266BBB29006D6D06 /* AddViewModel.swift */; };
		86B12B46264A8584006EE7FE /* AppDelegate.swift in Sources */ = {isa = PBXBuildFile; fileRef = 86B12B45264A8584006EE7FE /* AppDelegate.swift */; };
		86B12B48264A8584006EE7FE /* SceneDelegate.swift in Sources */ = {isa = PBXBuildFile; fileRef = 86B12B47264A8584006EE7FE /* SceneDelegate.swift */; };
		86B12B4D264A8584006EE7FE /* Main.storyboard in Resources */ = {isa = PBXBuildFile; fileRef = 86B12B4B264A8584006EE7FE /* Main.storyboard */; };
		86B12B4F264A8587006EE7FE /* Assets.xcassets in Resources */ = {isa = PBXBuildFile; fileRef = 86B12B4E264A8587006EE7FE /* Assets.xcassets */; };
		86B12B52264A8587006EE7FE /* LaunchScreen.storyboard in Resources */ = {isa = PBXBuildFile; fileRef = 86B12B50264A8587006EE7FE /* LaunchScreen.storyboard */; };
		86B4740A2657E93B00384C21 /* Switcher.swift in Sources */ = {isa = PBXBuildFile; fileRef = 86B474092657E93B00384C21 /* Switcher.swift */; };
		86C3FA62264BE1F200480E4F /* Settings.storyboard in Resources */ = {isa = PBXBuildFile; fileRef = 86C3FA61264BE1F200480E4F /* Settings.storyboard */; };
		86C3FA65264BE22900480E4F /* Create.storyboard in Resources */ = {isa = PBXBuildFile; fileRef = 86C3FA64264BE22900480E4F /* Create.storyboard */; };
		86C3FA68264BE24A00480E4F /* News.storyboard in Resources */ = {isa = PBXBuildFile; fileRef = 86C3FA67264BE24A00480E4F /* News.storyboard */; };
		86C3FA6B264BE25B00480E4F /* Calendar.storyboard in Resources */ = {isa = PBXBuildFile; fileRef = 86C3FA6A264BE25B00480E4F /* Calendar.storyboard */; };
		86C3FA6E264BE2A700480E4F /* NotificationPage.storyboard in Resources */ = {isa = PBXBuildFile; fileRef = 86C3FA6D264BE2A700480E4F /* NotificationPage.storyboard */; };
		86C9C670265AA23B0074B2B5 /* ViewController+Extension.swift in Sources */ = {isa = PBXBuildFile; fileRef = 86C9C66F265AA23B0074B2B5 /* ViewController+Extension.swift */; };
		86D4F68426582D6E00C00062 /* PaddingableHelper.swift in Sources */ = {isa = PBXBuildFile; fileRef = 86D4F68326582D6E00C00062 /* PaddingableHelper.swift */; };
		86EBFA75266D3098008E6955 /* AddPeopleViewController.swift in Sources */ = {isa = PBXBuildFile; fileRef = 86EBFA74266D3098008E6955 /* AddPeopleViewController.swift */; };
		86ECEAA6265FDD7E00465424 /* CreateOptionViewModel.swift in Sources */ = {isa = PBXBuildFile; fileRef = 86ECEAA5265FDD7E00465424 /* CreateOptionViewModel.swift */; };
		86EE497A265102BD003B0C25 /* CreateFirstViewController.swift in Sources */ = {isa = PBXBuildFile; fileRef = 86EE4979265102BD003B0C25 /* CreateFirstViewController.swift */; };
		86EE498026511C9B003B0C25 /* NotiViewController.swift in Sources */ = {isa = PBXBuildFile; fileRef = 86EE497F26511C9B003B0C25 /* NotiViewController.swift */; };
		86EE498326511D33003B0C25 /* NotiTableViewCell.swift in Sources */ = {isa = PBXBuildFile; fileRef = 86EE498226511D32003B0C25 /* NotiTableViewCell.swift */; };
		86EE499F26514C97003B0C25 /* CreateThirdViewController.swift in Sources */ = {isa = PBXBuildFile; fileRef = 86EE499E26514C97003B0C25 /* CreateThirdViewController.swift */; };
		86F203DA264D9E3100A9763A /* Meeting.storyboard in Resources */ = {isa = PBXBuildFile; fileRef = 86F203D9264D9E3100A9763A /* Meeting.storyboard */; };
		86F203DD264E05EC00A9763A /* MeetingViewController.swift in Sources */ = {isa = PBXBuildFile; fileRef = 86F203DC264E05EC00A9763A /* MeetingViewController.swift */; };
		A3090504881DDDF486642645 /* Pods_inviti.framework in Frameworks */ = {isa = PBXBuildFile; fileRef = FDE1AD6A8960FEB195B049AE /* Pods_inviti.framework */; };
/* End PBXBuildFile section */

/* Begin PBXFileReference section */
		860792ED2658E6760085ED7D /* SimpleUser.swift */ = {isa = PBXFileReference; lastKnownFileType = sourcecode.swift; path = SimpleUser.swift; sourceTree = "<group>"; };
		860A035C265BA31100067F23 /* CalendarNibCell.swift */ = {isa = PBXFileReference; lastKnownFileType = sourcecode.swift; path = CalendarNibCell.swift; sourceTree = "<group>"; };
		860A035D265BA31100067F23 /* CalendarNibCell.xib */ = {isa = PBXFileReference; lastKnownFileType = file.xib; path = CalendarNibCell.xib; sourceTree = "<group>"; };
		860A0364265BA7D900067F23 /* CTableViewController.swift */ = {isa = PBXFileReference; lastKnownFileType = sourcecode.swift; path = CTableViewController.swift; sourceTree = "<group>"; };
		860A036B265BB2AD00067F23 /* CTableViewCell.swift */ = {isa = PBXFileReference; lastKnownFileType = sourcecode.swift; path = CTableViewCell.swift; sourceTree = "<group>"; };
		860B3BAC266937FF008D5267 /* 60377-letter.json */ = {isa = PBXFileReference; fileEncoding = 4; lastKnownFileType = text.json; path = "60377-letter.json"; sourceTree = "<group>"; };
		860B3BAD266937FF008D5267 /* 56380-calendar.json */ = {isa = PBXFileReference; fileEncoding = 4; lastKnownFileType = text.json; path = "56380-calendar.json"; sourceTree = "<group>"; };
		860B3BB22669E0DE008D5267 /* UserDefaultsName.swift */ = {isa = PBXFileReference; lastKnownFileType = sourcecode.swift; path = UserDefaultsName.swift; sourceTree = "<group>"; };
		860B5C912652297200171ED3 /* CreateFirstCell.swift */ = {isa = PBXFileReference; lastKnownFileType = sourcecode.swift; path = CreateFirstCell.swift; sourceTree = "<group>"; };
		86102765266CA68C008DEFD0 /* InvitesTableViewCell.swift */ = {isa = PBXFileReference; lastKnownFileType = sourcecode.swift; path = InvitesTableViewCell.swift; sourceTree = "<group>"; };
		86102766266CA68C008DEFD0 /* InvitesTableViewCell.xib */ = {isa = PBXFileReference; lastKnownFileType = file.xib; path = InvitesTableViewCell.xib; sourceTree = "<group>"; };
		8610276B266CB713008DEFD0 /* OrderViewModel.swift */ = {isa = PBXFileReference; lastKnownFileType = sourcecode.swift; path = OrderViewModel.swift; sourceTree = "<group>"; };
		8614DE9B2652A56100DC0A9D /* UIButton+Extension.swift */ = {isa = PBXFileReference; lastKnownFileType = sourcecode.swift; path = "UIButton+Extension.swift"; sourceTree = "<group>"; };
		861885ED264E31FD0048D9AA /* UITableView+Extension.swift */ = {isa = PBXFileReference; fileEncoding = 4; lastKnownFileType = sourcecode.swift; name = "UITableView+Extension.swift"; path = "inviti/Extension/UITableView+Extension.swift"; sourceTree = SOURCE_ROOT; };
		861885F4264E5FD60048D9AA /* OptionEventTableViewCell.swift */ = {isa = PBXFileReference; lastKnownFileType = sourcecode.swift; path = OptionEventTableViewCell.swift; sourceTree = "<group>"; };
		861885F5264E5FD60048D9AA /* OptionEventTableViewCell.xib */ = {isa = PBXFileReference; lastKnownFileType = file.xib; path = OptionEventTableViewCell.xib; sourceTree = "<group>"; };
		86188601264E76170048D9AA /* Constants.swift */ = {isa = PBXFileReference; lastKnownFileType = sourcecode.swift; path = Constants.swift; sourceTree = "<group>"; };
		8618860B264E78160048D9AA /* CreateSecondVC.swift */ = {isa = PBXFileReference; lastKnownFileType = sourcecode.swift; path = CreateSecondVC.swift; sourceTree = "<group>"; };
		8618860F264E78730048D9AA /* OptionCollectionViewCell copy.swift */ = {isa = PBXFileReference; lastKnownFileType = sourcecode.swift; path = "OptionCollectionViewCell copy.swift"; sourceTree = "<group>"; };
		861A626B2667AD420002EFD9 /* CreateEventViewModel.swift */ = {isa = PBXFileReference; lastKnownFileType = sourcecode.swift; path = CreateEventViewModel.swift; sourceTree = "<group>"; };
		861B402126577AF8004D1763 /* OptionsCell.swift */ = {isa = PBXFileReference; lastKnownFileType = sourcecode.swift; path = OptionsCell.swift; sourceTree = "<group>"; };
		861B402426577B66004D1763 /* OptionalSettingsCell.swift */ = {isa = PBXFileReference; lastKnownFileType = sourcecode.swift; path = OptionalSettingsCell.swift; sourceTree = "<group>"; };
		861F65DB264D13E000A54C00 /* TabCalendarViewController.swift */ = {isa = PBXFileReference; lastKnownFileType = sourcecode.swift; path = TabCalendarViewController.swift; sourceTree = "<group>"; };
		861F65E0264D1F8700A54C00 /* EventTableViewCell.swift */ = {isa = PBXFileReference; lastKnownFileType = sourcecode.swift; path = EventTableViewCell.swift; sourceTree = "<group>"; };
		861F65E1264D1F8700A54C00 /* EventTableViewCell.xib */ = {isa = PBXFileReference; lastKnownFileType = file.xib; path = EventTableViewCell.xib; sourceTree = "<group>"; };
		861F6618264D38AB00A54C00 /* SettingsViewController.swift */ = {isa = PBXFileReference; lastKnownFileType = sourcecode.swift; path = SettingsViewController.swift; sourceTree = "<group>"; };
		861F661C264D38EA00A54C00 /* SettingsTableViewCell.swift */ = {isa = PBXFileReference; lastKnownFileType = sourcecode.swift; path = SettingsTableViewCell.swift; sourceTree = "<group>"; };
		861F6626264D5D9800A54C00 /* OptionCollectionViewCell.xib */ = {isa = PBXFileReference; lastKnownFileType = file.xib; path = OptionCollectionViewCell.xib; sourceTree = "<group>"; };
		8632C76D2668E5FB004D5D3A /* inviti.entitlements */ = {isa = PBXFileReference; lastKnownFileType = text.plist.entitlements; path = inviti.entitlements; sourceTree = "<group>"; };
		8632C76F2668E6A5004D5D3A /* LoginViewController.swift */ = {isa = PBXFileReference; lastKnownFileType = sourcecode.swift; path = LoginViewController.swift; sourceTree = "<group>"; };
		8637064C2654EDC100D0A0AB /* EditViewController.swift */ = {isa = PBXFileReference; lastKnownFileType = sourcecode.swift; path = EditViewController.swift; sourceTree = "<group>"; };
		8637064D2654EDC100D0A0AB /* VoteSuccessVC.swift */ = {isa = PBXFileReference; lastKnownFileType = sourcecode.swift; path = VoteSuccessVC.swift; sourceTree = "<group>"; };
		8637064E2654EDC100D0A0AB /* VotingTableViewCell.swift */ = {isa = PBXFileReference; lastKnownFileType = sourcecode.swift; path = VotingTableViewCell.swift; sourceTree = "<group>"; };
		86392C57264FA46C003F7EBC /* MeetingTableViewCell.swift */ = {isa = PBXFileReference; lastKnownFileType = sourcecode.swift; path = MeetingTableViewCell.swift; sourceTree = "<group>"; };
		86392C58264FA46C003F7EBC /* MeetingTableViewCell.xib */ = {isa = PBXFileReference; lastKnownFileType = file.xib; path = MeetingTableViewCell.xib; sourceTree = "<group>"; };
		863B083126581C2D007CFBF3 /* ShareSuccessVC.swift */ = {isa = PBXFileReference; lastKnownFileType = sourcecode.swift; path = ShareSuccessVC.swift; sourceTree = "<group>"; };
		86406554264D98D6003C756D /* TabBarController.swift */ = {isa = PBXFileReference; lastKnownFileType = sourcecode.swift; path = TabBarController.swift; sourceTree = "<group>"; };
		8640655A264D9910003C756D /* UIStoryboard+Extension.swift */ = {isa = PBXFileReference; lastKnownFileType = sourcecode.swift; path = "UIStoryboard+Extension.swift"; sourceTree = "<group>"; };
		86504B8B2650088800E42C51 /* NewsEventTableViewCell.swift */ = {isa = PBXFileReference; lastKnownFileType = sourcecode.swift; path = NewsEventTableViewCell.swift; sourceTree = "<group>"; };
		86504B8F2650095800E42C51 /* UIView+Extension.swift */ = {isa = PBXFileReference; lastKnownFileType = sourcecode.swift; path = "UIView+Extension.swift"; sourceTree = "<group>"; };
		86504B952650207D00E42C51 /* NewsViewController.swift */ = {isa = PBXFileReference; lastKnownFileType = sourcecode.swift; path = NewsViewController.swift; sourceTree = "<group>"; };
		8653117E264FC39700CFB4F7 /* UIButtonActivity.swift */ = {isa = PBXFileReference; lastKnownFileType = sourcecode.swift; path = UIButtonActivity.swift; sourceTree = "<group>"; };
		86531183264FC84000CFB4F7 /* TopNewsTableViewCell.swift */ = {isa = PBXFileReference; lastKnownFileType = sourcecode.swift; path = TopNewsTableViewCell.swift; sourceTree = "<group>"; };
		865A00DF265394820061A0E4 /* Voting.storyboard */ = {isa = PBXFileReference; lastKnownFileType = file.storyboard; path = Voting.storyboard; sourceTree = "<group>"; };
		865A00E22653A9AA0061A0E4 /* VotingViewController.swift */ = {isa = PBXFileReference; lastKnownFileType = sourcecode.swift; path = VotingViewController.swift; sourceTree = "<group>"; };
		865A00E32653A9AA0061A0E4 /* EditTableViewCell.swift */ = {isa = PBXFileReference; lastKnownFileType = sourcecode.swift; path = EditTableViewCell.swift; sourceTree = "<group>"; };
		865A00ED265428FF0061A0E4 /* FurtureTableViewController.swift */ = {isa = PBXFileReference; lastKnownFileType = sourcecode.swift; path = FurtureTableViewController.swift; sourceTree = "<group>"; };
		865A00F12654297A0061A0E4 /* PastTableViewController.swift */ = {isa = PBXFileReference; lastKnownFileType = sourcecode.swift; path = PastTableViewController.swift; sourceTree = "<group>"; };
		8661E0342666187A00BD23F5 /* InvitesViewController.swift */ = {isa = PBXFileReference; lastKnownFileType = sourcecode.swift; path = InvitesViewController.swift; sourceTree = "<group>"; };
		8661E03C26661DDF00BD23F5 /* ResutlsViewController.swift */ = {isa = PBXFileReference; lastKnownFileType = sourcecode.swift; path = ResutlsViewController.swift; sourceTree = "<group>"; };
		8661E04026661E0F00BD23F5 /* ResutlsCollectionViewCell.swift */ = {isa = PBXFileReference; lastKnownFileType = sourcecode.swift; path = ResutlsCollectionViewCell.swift; sourceTree = "<group>"; };
		8661E04326661E1F00BD23F5 /* ResultsTableViewCell.swift */ = {isa = PBXFileReference; lastKnownFileType = sourcecode.swift; path = ResultsTableViewCell.swift; sourceTree = "<group>"; };
		8664422226600CFD00CE0CFA /* VoteViewModel.swift */ = {isa = PBXFileReference; lastKnownFileType = sourcecode.swift; path = VoteViewModel.swift; sourceTree = "<group>"; };
		8665BE54265B6A2200408685 /* EventManager.swift */ = {isa = PBXFileReference; lastKnownFileType = sourcecode.swift; path = EventManager.swift; sourceTree = "<group>"; };
		866813DF2667389D00659495 /* ResultTableViewCell.swift */ = {isa = PBXFileReference; lastKnownFileType = sourcecode.swift; path = ResultTableViewCell.swift; sourceTree = "<group>"; };
		866C974526563BF000687386 /* DateHelper.swift */ = {isa = PBXFileReference; lastKnownFileType = sourcecode.swift; path = DateHelper.swift; sourceTree = "<group>"; };
		866C974B26563CD900687386 /* UIColorHelper.swift */ = {isa = PBXFileReference; fileEncoding = 4; lastKnownFileType = sourcecode.swift; path = UIColorHelper.swift; sourceTree = "<group>"; };
		866C974F26563E9400687386 /* ImageHelper.swift */ = {isa = PBXFileReference; lastKnownFileType = sourcecode.swift; path = ImageHelper.swift; sourceTree = "<group>"; };
		8671774C2669059A00F96535 /* Login.storyboard */ = {isa = PBXFileReference; lastKnownFileType = file.storyboard; path = Login.storyboard; sourceTree = "<group>"; };
		867177512669171B00F96535 /* File.swift */ = {isa = PBXFileReference; lastKnownFileType = sourcecode.swift; path = File.swift; sourceTree = "<group>"; };
		86717781266927F800F96535 /* UserViewModel.swift */ = {isa = PBXFileReference; lastKnownFileType = sourcecode.swift; path = UserViewModel.swift; sourceTree = "<group>"; };
		8671778426692B6200F96535 /* StoryboardName.swift */ = {isa = PBXFileReference; lastKnownFileType = sourcecode.swift; path = StoryboardName.swift; sourceTree = "<group>"; };
		8672AB3E266CBEB300FB44B4 /* UpdateNotificationVM.swift */ = {isa = PBXFileReference; lastKnownFileType = sourcecode.swift; path = UpdateNotificationVM.swift; sourceTree = "<group>"; };
		8672AB43266CC2A200FB44B4 /* Notification.swift */ = {isa = PBXFileReference; lastKnownFileType = sourcecode.swift; path = Notification.swift; sourceTree = "<group>"; };
		8672AB47266CC3F300FB44B4 /* NotificationViewModel.swift */ = {isa = PBXFileReference; lastKnownFileType = sourcecode.swift; path = NotificationViewModel.swift; sourceTree = "<group>"; };
		8672AB4B266CC4C700FB44B4 /* NotificationManager.swift */ = {isa = PBXFileReference; lastKnownFileType = sourcecode.swift; path = NotificationManager.swift; sourceTree = "<group>"; };
		867950C22651741C0041847C /* String+Extension.swift */ = {isa = PBXFileReference; lastKnownFileType = sourcecode.swift; path = "String+Extension.swift"; sourceTree = "<group>"; };
		8680F09C26653D2C004B46D6 /* VotingViewModel.swift */ = {isa = PBXFileReference; lastKnownFileType = sourcecode.swift; path = VotingViewModel.swift; sourceTree = "<group>"; };
		8681A642265E87D4007CF61A /* SelectOptionViewModel.swift */ = {isa = PBXFileReference; lastKnownFileType = sourcecode.swift; path = SelectOptionViewModel.swift; sourceTree = "<group>"; };
		8681A64D265E898B007CF61A /* OptionTime.swift */ = {isa = PBXFileReference; lastKnownFileType = sourcecode.swift; path = OptionTime.swift; sourceTree = "<group>"; };
		8681A651265E8D48007CF61A /* OptionManager.swift */ = {isa = PBXFileReference; lastKnownFileType = sourcecode.swift; path = OptionManager.swift; sourceTree = "<group>"; };
		86824A41265ABFDC00BD706D /* UILabel+Extension.swift */ = {isa = PBXFileReference; lastKnownFileType = sourcecode.swift; path = "UILabel+Extension.swift"; sourceTree = "<group>"; };
		86824A4E265B50A400BD706D /* BaseViewController.swift */ = {isa = PBXFileReference; lastKnownFileType = sourcecode.swift; path = BaseViewController.swift; sourceTree = "<group>"; };
		868649FB265B74E700E7040F /* CalendarViewModel.swift */ = {isa = PBXFileReference; lastKnownFileType = sourcecode.swift; path = CalendarViewModel.swift; sourceTree = "<group>"; };
		8688E39C266C815300D41A6D /* UserEventViewModel.swift */ = {isa = PBXFileReference; lastKnownFileType = sourcecode.swift; path = UserEventViewModel.swift; sourceTree = "<group>"; };
		8688E3A6266C8E9800D41A6D /* SampleUserManager.swift */ = {isa = PBXFileReference; fileEncoding = 4; lastKnownFileType = sourcecode.swift; path = SampleUserManager.swift; sourceTree = "<group>"; };
		868B1D4D266777B8004CFDF1 /* VotingResultViewController.swift */ = {isa = PBXFileReference; lastKnownFileType = sourcecode.swift; path = VotingResultViewController.swift; sourceTree = "<group>"; };
		868DA03E26652E7600E53722 /* OptionViewModel.swift */ = {isa = PBXFileReference; lastKnownFileType = sourcecode.swift; path = OptionViewModel.swift; sourceTree = "<group>"; };
		8694B6E6266532D500B9A489 /* VoteManager.swift */ = {isa = PBXFileReference; lastKnownFileType = sourcecode.swift; path = VoteManager.swift; sourceTree = "<group>"; };
		86997224265B687D00A2020A /* EventViewModel.swift */ = {isa = PBXFileReference; lastKnownFileType = sourcecode.swift; path = EventViewModel.swift; sourceTree = "<group>"; };
		8699BB2F2667BBEA00D71254 /* CloseSuccessVC.swift */ = {isa = PBXFileReference; lastKnownFileType = sourcecode.swift; path = CloseSuccessVC.swift; sourceTree = "<group>"; };
		869F6E7F264CE10A004681A2 /* NavigationController.swift */ = {isa = PBXFileReference; lastKnownFileType = sourcecode.swift; path = NavigationController.swift; sourceTree = "<group>"; };
		869F83F326551ACC00DA1D53 /* User.swift */ = {isa = PBXFileReference; lastKnownFileType = sourcecode.swift; path = User.swift; sourceTree = "<group>"; };
		869F83F72655304A00DA1D53 /* AskInfo.swift */ = {isa = PBXFileReference; lastKnownFileType = sourcecode.swift; path = AskInfo.swift; sourceTree = "<group>"; };
		869F83FC265531EC00DA1D53 /* Event.swift */ = {isa = PBXFileReference; lastKnownFileType = sourcecode.swift; path = Event.swift; sourceTree = "<group>"; };
		869F8400265532CA00DA1D53 /* Invite.swift */ = {isa = PBXFileReference; lastKnownFileType = sourcecode.swift; path = Invite.swift; sourceTree = "<group>"; };
		869F8404265534A800DA1D53 /* SelectedOption.swift */ = {isa = PBXFileReference; lastKnownFileType = sourcecode.swift; path = SelectedOption.swift; sourceTree = "<group>"; };
		869F84092655357A00DA1D53 /* Meeting.swift */ = {isa = PBXFileReference; lastKnownFileType = sourcecode.swift; path = Meeting.swift; sourceTree = "<group>"; };
		869F840D2655363B00DA1D53 /* Option.swift */ = {isa = PBXFileReference; lastKnownFileType = sourcecode.swift; path = Option.swift; sourceTree = "<group>"; };
		869F841C265547DF00DA1D53 /* GoogleService-Info.plist */ = {isa = PBXFileReference; fileEncoding = 4; lastKnownFileType = text.plist.xml; path = "GoogleService-Info.plist"; sourceTree = "<group>"; };
		869F842526560C6900DA1D53 /* UserManager.swift */ = {isa = PBXFileReference; lastKnownFileType = sourcecode.swift; path = UserManager.swift; sourceTree = "<group>"; };
		869F842926560C8400DA1D53 /* NetworkManager.swift */ = {isa = PBXFileReference; lastKnownFileType = sourcecode.swift; path = NetworkManager.swift; sourceTree = "<group>"; };
		869F842E265613B000DA1D53 /* MainViewModel.swift */ = {isa = PBXFileReference; lastKnownFileType = sourcecode.swift; path = MainViewModel.swift; sourceTree = "<group>"; };
		869F8433265613DD00DA1D53 /* MeetingViewModel.swift */ = {isa = PBXFileReference; lastKnownFileType = sourcecode.swift; path = MeetingViewModel.swift; sourceTree = "<group>"; };
		869F844526561D6200DA1D53 /* Box.swift */ = {isa = PBXFileReference; fileEncoding = 4; lastKnownFileType = sourcecode.swift; path = Box.swift; sourceTree = "<group>"; };
		869F844926561F6F00DA1D53 /* CreateMeetingViewModel.swift */ = {isa = PBXFileReference; lastKnownFileType = sourcecode.swift; path = CreateMeetingViewModel.swift; sourceTree = "<group>"; };
		86A6620B2669E68400DBB799 /* LoginViewModel.swift */ = {isa = PBXFileReference; lastKnownFileType = sourcecode.swift; path = LoginViewModel.swift; sourceTree = "<group>"; };
		86A67D022667C58400E2F174 /* EditSuccessVC.swift */ = {isa = PBXFileReference; lastKnownFileType = sourcecode.swift; path = EditSuccessVC.swift; sourceTree = "<group>"; };
		86AAB24B265A61E200C40141 /* OptionsData.swift */ = {isa = PBXFileReference; lastKnownFileType = sourcecode.swift; path = OptionsData.swift; sourceTree = "<group>"; };
		86AAB24E265A620600C40141 /* UserSelectedData.swift */ = {isa = PBXFileReference; lastKnownFileType = sourcecode.swift; path = UserSelectedData.swift; sourceTree = "<group>"; };
		86AABACD266A8314006D6D06 /* JGProgressHUDHelper.swift */ = {isa = PBXFileReference; lastKnownFileType = sourcecode.swift; path = JGProgressHUDHelper.swift; sourceTree = "<group>"; };
		86AABAD8266BB30A006D6D06 /* AddMeetingViewController.swift */ = {isa = PBXFileReference; lastKnownFileType = sourcecode.swift; path = AddMeetingViewController.swift; sourceTree = "<group>"; };
		86AABADB266BBB29006D6D06 /* AddViewModel.swift */ = {isa = PBXFileReference; lastKnownFileType = sourcecode.swift; path = AddViewModel.swift; sourceTree = "<group>"; };
		86B12B42264A8584006EE7FE /* inviti.app */ = {isa = PBXFileReference; explicitFileType = wrapper.application; includeInIndex = 0; path = inviti.app; sourceTree = BUILT_PRODUCTS_DIR; };
		86B12B45264A8584006EE7FE /* AppDelegate.swift */ = {isa = PBXFileReference; lastKnownFileType = sourcecode.swift; path = AppDelegate.swift; sourceTree = "<group>"; };
		86B12B47264A8584006EE7FE /* SceneDelegate.swift */ = {isa = PBXFileReference; lastKnownFileType = sourcecode.swift; path = SceneDelegate.swift; sourceTree = "<group>"; };
		86B12B4C264A8584006EE7FE /* Base */ = {isa = PBXFileReference; lastKnownFileType = file.storyboard; name = Base; path = Base.lproj/Main.storyboard; sourceTree = "<group>"; };
		86B12B4E264A8587006EE7FE /* Assets.xcassets */ = {isa = PBXFileReference; lastKnownFileType = folder.assetcatalog; path = Assets.xcassets; sourceTree = "<group>"; };
		86B12B51264A8587006EE7FE /* Base */ = {isa = PBXFileReference; lastKnownFileType = file.storyboard; name = Base; path = Base.lproj/LaunchScreen.storyboard; sourceTree = "<group>"; };
		86B12B53264A8587006EE7FE /* Info.plist */ = {isa = PBXFileReference; lastKnownFileType = text.plist.xml; path = Info.plist; sourceTree = "<group>"; };
		86B474092657E93B00384C21 /* Switcher.swift */ = {isa = PBXFileReference; lastKnownFileType = sourcecode.swift; path = Switcher.swift; sourceTree = "<group>"; };
		86C3FA61264BE1F200480E4F /* Settings.storyboard */ = {isa = PBXFileReference; lastKnownFileType = file.storyboard; path = Settings.storyboard; sourceTree = "<group>"; };
		86C3FA64264BE22900480E4F /* Create.storyboard */ = {isa = PBXFileReference; lastKnownFileType = file.storyboard; path = Create.storyboard; sourceTree = "<group>"; };
		86C3FA67264BE24A00480E4F /* News.storyboard */ = {isa = PBXFileReference; lastKnownFileType = file.storyboard; path = News.storyboard; sourceTree = "<group>"; };
		86C3FA6A264BE25B00480E4F /* Calendar.storyboard */ = {isa = PBXFileReference; lastKnownFileType = file.storyboard; path = Calendar.storyboard; sourceTree = "<group>"; };
		86C3FA6D264BE2A700480E4F /* NotificationPage.storyboard */ = {isa = PBXFileReference; lastKnownFileType = file.storyboard; path = NotificationPage.storyboard; sourceTree = "<group>"; };
		86C9C66F265AA23B0074B2B5 /* ViewController+Extension.swift */ = {isa = PBXFileReference; lastKnownFileType = sourcecode.swift; path = "ViewController+Extension.swift"; sourceTree = "<group>"; };
		86D4F68326582D6E00C00062 /* PaddingableHelper.swift */ = {isa = PBXFileReference; lastKnownFileType = sourcecode.swift; path = PaddingableHelper.swift; sourceTree = "<group>"; };
		86EBFA74266D3098008E6955 /* AddPeopleViewController.swift */ = {isa = PBXFileReference; lastKnownFileType = sourcecode.swift; path = AddPeopleViewController.swift; sourceTree = "<group>"; };
		86ECEAA5265FDD7E00465424 /* CreateOptionViewModel.swift */ = {isa = PBXFileReference; lastKnownFileType = sourcecode.swift; path = CreateOptionViewModel.swift; sourceTree = "<group>"; };
		86EE4979265102BD003B0C25 /* CreateFirstViewController.swift */ = {isa = PBXFileReference; lastKnownFileType = sourcecode.swift; path = CreateFirstViewController.swift; sourceTree = "<group>"; };
		86EE497F26511C9B003B0C25 /* NotiViewController.swift */ = {isa = PBXFileReference; lastKnownFileType = sourcecode.swift; path = NotiViewController.swift; sourceTree = "<group>"; };
		86EE498226511D32003B0C25 /* NotiTableViewCell.swift */ = {isa = PBXFileReference; lastKnownFileType = sourcecode.swift; path = NotiTableViewCell.swift; sourceTree = "<group>"; };
		86EE499E26514C97003B0C25 /* CreateThirdViewController.swift */ = {isa = PBXFileReference; lastKnownFileType = sourcecode.swift; path = CreateThirdViewController.swift; sourceTree = "<group>"; };
		86F203D9264D9E3100A9763A /* Meeting.storyboard */ = {isa = PBXFileReference; fileEncoding = 4; lastKnownFileType = file.storyboard; path = Meeting.storyboard; sourceTree = "<group>"; };
		86F203DC264E05EC00A9763A /* MeetingViewController.swift */ = {isa = PBXFileReference; lastKnownFileType = sourcecode.swift; path = MeetingViewController.swift; sourceTree = "<group>"; };
		A41EA7A3E1004FFDF363D424 /* Pods-inviti.release.xcconfig */ = {isa = PBXFileReference; includeInIndex = 1; lastKnownFileType = text.xcconfig; name = "Pods-inviti.release.xcconfig"; path = "Target Support Files/Pods-inviti/Pods-inviti.release.xcconfig"; sourceTree = "<group>"; };
		E5BBABC6525C243DBE8B8AC6 /* Pods-inviti.debug.xcconfig */ = {isa = PBXFileReference; includeInIndex = 1; lastKnownFileType = text.xcconfig; name = "Pods-inviti.debug.xcconfig"; path = "Target Support Files/Pods-inviti/Pods-inviti.debug.xcconfig"; sourceTree = "<group>"; };
		FDE1AD6A8960FEB195B049AE /* Pods_inviti.framework */ = {isa = PBXFileReference; explicitFileType = wrapper.framework; includeInIndex = 0; path = Pods_inviti.framework; sourceTree = BUILT_PRODUCTS_DIR; };
/* End PBXFileReference section */

/* Begin PBXFrameworksBuildPhase section */
		86B12B3F264A8584006EE7FE /* Frameworks */ = {
			isa = PBXFrameworksBuildPhase;
			buildActionMask = 2147483647;
			files = (
				A3090504881DDDF486642645 /* Pods_inviti.framework in Frameworks */,
			);
			runOnlyForDeploymentPostprocessing = 0;
		};
/* End PBXFrameworksBuildPhase section */

/* Begin PBXGroup section */
		1C94417FB07E2A206AEFB117 /* Pods */ = {
			isa = PBXGroup;
			children = (
				E5BBABC6525C243DBE8B8AC6 /* Pods-inviti.debug.xcconfig */,
				A41EA7A3E1004FFDF363D424 /* Pods-inviti.release.xcconfig */,
			);
			path = Pods;
			sourceTree = "<group>";
		};
		860B3BA72669341D008D5267 /* Lotties */ = {
			isa = PBXGroup;
			children = (
				860B3BAD266937FF008D5267 /* 56380-calendar.json */,
				860B3BAC266937FF008D5267 /* 60377-letter.json */,
			);
			path = Lotties;
			sourceTree = "<group>";
		};
		861F65DE264D1F6400A54C00 /* CalendarView */ = {
			isa = PBXGroup;
			children = (
				86C3FA6A264BE25B00480E4F /* Calendar.storyboard */,
				861F65DB264D13E000A54C00 /* TabCalendarViewController.swift */,
				861F65E0264D1F8700A54C00 /* EventTableViewCell.swift */,
				861F65E1264D1F8700A54C00 /* EventTableViewCell.xib */,
			);
			path = CalendarView;
			sourceTree = "<group>";
		};
		861F6617264D389000A54C00 /* SettingsPage */ = {
			isa = PBXGroup;
			children = (
				86C3FA61264BE1F200480E4F /* Settings.storyboard */,
				861F6618264D38AB00A54C00 /* SettingsViewController.swift */,
				861F661C264D38EA00A54C00 /* SettingsTableViewCell.swift */,
			);
			path = SettingsPage;
			sourceTree = "<group>";
		};
		861F6620264D5C5E00A54C00 /* CreateMainPage */ = {
			isa = PBXGroup;
			children = (
				86B4740C2657E94100384C21 /* FirstStep */,
				8648A7562657EA390091DFFA /* SecondStep */,
				8648A7572657EA430091DFFA /* ThirdStep */,
				86EE499E26514C97003B0C25 /* CreateThirdViewController.swift */,
				8618860B264E78160048D9AA /* CreateSecondVC.swift */,
				8618860F264E78730048D9AA /* OptionCollectionViewCell copy.swift */,
				861F6626264D5D9800A54C00 /* OptionCollectionViewCell.xib */,
				861885F4264E5FD60048D9AA /* OptionEventTableViewCell.swift */,
				861885F5264E5FD60048D9AA /* OptionEventTableViewCell.xib */,
				86C3FA64264BE22900480E4F /* Create.storyboard */,
				86EBFA74266D3098008E6955 /* AddPeopleViewController.swift */,
			);
			path = CreateMainPage;
			sourceTree = "<group>";
		};
		862731C9265B64780068B014 /* FinalModel */ = {
			isa = PBXGroup;
			children = (
				869F840D2655363B00DA1D53 /* Option.swift */,
				869F8404265534A800DA1D53 /* SelectedOption.swift */,
				869F83FC265531EC00DA1D53 /* Event.swift */,
				869F84092655357A00DA1D53 /* Meeting.swift */,
				869F83F326551ACC00DA1D53 /* User.swift */,
				860792ED2658E6760085ED7D /* SimpleUser.swift */,
				8672AB43266CC2A200FB44B4 /* Notification.swift */,
				8681A64D265E898B007CF61A /* OptionTime.swift */,
			);
			path = FinalModel;
			sourceTree = "<group>";
		};
		86406558264D98F1003C756D /* Base */ = {
			isa = PBXGroup;
			children = (
				869F6E7F264CE10A004681A2 /* NavigationController.swift */,
				86406554264D98D6003C756D /* TabBarController.swift */,
				8632C76F2668E6A5004D5D3A /* LoginViewController.swift */,
			);
			path = Base;
			sourceTree = "<group>";
		};
		86406559264D9901003C756D /* Extension */ = {
			isa = PBXGroup;
			children = (
				861885ED264E31FD0048D9AA /* UITableView+Extension.swift */,
				8640655A264D9910003C756D /* UIStoryboard+Extension.swift */,
				86504B8F2650095800E42C51 /* UIView+Extension.swift */,
				867950C22651741C0041847C /* String+Extension.swift */,
				8614DE9B2652A56100DC0A9D /* UIButton+Extension.swift */,
				86C9C66F265AA23B0074B2B5 /* ViewController+Extension.swift */,
				86824A41265ABFDC00BD706D /* UILabel+Extension.swift */,
			);
			path = Extension;
			sourceTree = "<group>";
		};
		8648A7562657EA390091DFFA /* SecondStep */ = {
			isa = PBXGroup;
			children = (
				861B402126577AF8004D1763 /* OptionsCell.swift */,
			);
			path = SecondStep;
			sourceTree = "<group>";
		};
		8648A7572657EA430091DFFA /* ThirdStep */ = {
			isa = PBXGroup;
			children = (
				861B402426577B66004D1763 /* OptionalSettingsCell.swift */,
			);
			path = ThirdStep;
			sourceTree = "<group>";
		};
		86531182264FC82100CFB4F7 /* NewsPage */ = {
			isa = PBXGroup;
			children = (
				86504B8B2650088800E42C51 /* NewsEventTableViewCell.swift */,
				86504B952650207D00E42C51 /* NewsViewController.swift */,
				86C3FA67264BE24A00480E4F /* News.storyboard */,
				86531183264FC84000CFB4F7 /* TopNewsTableViewCell.swift */,
				8661E03C26661DDF00BD23F5 /* ResutlsViewController.swift */,
				8661E04326661E1F00BD23F5 /* ResultsTableViewCell.swift */,
				8661E04026661E0F00BD23F5 /* ResutlsCollectionViewCell.swift */,
				8661E0342666187A00BD23F5 /* InvitesViewController.swift */,
				86102765266CA68C008DEFD0 /* InvitesTableViewCell.swift */,
				86102766266CA68C008DEFD0 /* InvitesTableViewCell.xib */,
			);
			path = NewsPage;
			sourceTree = "<group>";
		};
		865A00DE265394600061A0E4 /* VotingPage */ = {
			isa = PBXGroup;
			children = (
				865A00DF265394820061A0E4 /* Voting.storyboard */,
				865A00E22653A9AA0061A0E4 /* VotingViewController.swift */,
				868B1D4D266777B8004CFDF1 /* VotingResultViewController.swift */,
				8637064E2654EDC100D0A0AB /* VotingTableViewCell.swift */,
				866813DF2667389D00659495 /* ResultTableViewCell.swift */,
				8637064D2654EDC100D0A0AB /* VoteSuccessVC.swift */,
				86A67D022667C58400E2F174 /* EditSuccessVC.swift */,
				8637064C2654EDC100D0A0AB /* EditViewController.swift */,
				865A00E32653A9AA0061A0E4 /* EditTableViewCell.swift */,
				8699BB2F2667BBEA00D71254 /* CloseSuccessVC.swift */,
				863B083126581C2D007CFBF3 /* ShareSuccessVC.swift */,
			);
			path = VotingPage;
			sourceTree = "<group>";
		};
		866C974426563BE600687386 /* Helper */ = {
			isa = PBXGroup;
			children = (
				860B3BA72669341D008D5267 /* Lotties */,
				866C974526563BF000687386 /* DateHelper.swift */,
				866C974B26563CD900687386 /* UIColorHelper.swift */,
				866C974F26563E9400687386 /* ImageHelper.swift */,
				86D4F68326582D6E00C00062 /* PaddingableHelper.swift */,
				86824A4E265B50A400BD706D /* BaseViewController.swift */,
				86AABACD266A8314006D6D06 /* JGProgressHUDHelper.swift */,
			);
			path = Helper;
			sourceTree = "<group>";
		};
		867177502669170F00F96535 /* Example */ = {
			isa = PBXGroup;
			children = (
				867177512669171B00F96535 /* File.swift */,
			);
			path = Example;
			sourceTree = "<group>";
		};
		8672AB41266CBEB800FB44B4 /* delete */ = {
			isa = PBXGroup;
			children = (
				8610276B266CB713008DEFD0 /* OrderViewModel.swift */,
			);
			path = delete;
			sourceTree = "<group>";
		};
		868649FF265B768100E7040F /* 處理中 */ = {
			isa = PBXGroup;
			children = (
				865A00ED265428FF0061A0E4 /* FurtureTableViewController.swift */,
				86392C57264FA46C003F7EBC /* MeetingTableViewCell.swift */,
				860A035C265BA31100067F23 /* CalendarNibCell.swift */,
				860A035D265BA31100067F23 /* CalendarNibCell.xib */,
				86AAB24E265A620600C40141 /* UserSelectedData.swift */,
				86AAB24B265A61E200C40141 /* OptionsData.swift */,
				860A0364265BA7D900067F23 /* CTableViewController.swift */,
				860A036B265BB2AD00067F23 /* CTableViewCell.swift */,
			);
			path = "處理中";
			sourceTree = "<group>";
		};
		869F842426560C4D00DA1D53 /* Network */ = {
			isa = PBXGroup;
			children = (
				869F842926560C8400DA1D53 /* NetworkManager.swift */,
				8681A651265E8D48007CF61A /* OptionManager.swift */,
				8694B6E6266532D500B9A489 /* VoteManager.swift */,
				8688E3A6266C8E9800D41A6D /* SampleUserManager.swift */,
				8665BE54265B6A2200408685 /* EventManager.swift */,
				8672AB4B266CC4C700FB44B4 /* NotificationManager.swift */,
				869F842526560C6900DA1D53 /* UserManager.swift */,
			);
			path = Network;
			sourceTree = "<group>";
		};
		869F842D2656139800DA1D53 /* Util */ = {
			isa = PBXGroup;
			children = (
				869F844526561D6200DA1D53 /* Box.swift */,
			);
			path = Util;
			sourceTree = "<group>";
		};
		86B12B39264A8584006EE7FE = {
			isa = PBXGroup;
			children = (
				86B12B44264A8584006EE7FE /* inviti */,
				86B12B43264A8584006EE7FE /* Products */,
				1C94417FB07E2A206AEFB117 /* Pods */,
				F5362E2D7C7ED93E2FF7A606 /* Frameworks */,
			);
			sourceTree = "<group>";
		};
		86B12B43264A8584006EE7FE /* Products */ = {
			isa = PBXGroup;
			children = (
				86B12B42264A8584006EE7FE /* inviti.app */,
			);
			name = Products;
			sourceTree = "<group>";
		};
		86B12B44264A8584006EE7FE /* inviti */ = {
			isa = PBXGroup;
			children = (
				8632C76D2668E5FB004D5D3A /* inviti.entitlements */,
				868649FF265B768100E7040F /* 處理中 */,
				866C974426563BE600687386 /* Helper */,
				869F842D2656139800DA1D53 /* Util */,
				869F842426560C4D00DA1D53 /* Network */,
				86406559264D9901003C756D /* Extension */,
				86C3FA5F264BDDFD00480E4F /* Model */,
				86C3FA5E264BDDEC00480E4F /* Controller */,
				86C3FA5D264BDDE200480E4F /* ViewModel */,
				86C3FA5C264BD3B800480E4F /* View */,
				86B12B45264A8584006EE7FE /* AppDelegate.swift */,
				86B12B47264A8584006EE7FE /* SceneDelegate.swift */,
				869F841C265547DF00DA1D53 /* GoogleService-Info.plist */,
				86B12B4B264A8584006EE7FE /* Main.storyboard */,
				8671774C2669059A00F96535 /* Login.storyboard */,
				86C3FA6D264BE2A700480E4F /* NotificationPage.storyboard */,
				86B12B4E264A8587006EE7FE /* Assets.xcassets */,
				86B12B50264A8587006EE7FE /* LaunchScreen.storyboard */,
				86B12B53264A8587006EE7FE /* Info.plist */,
			);
			path = inviti;
			sourceTree = "<group>";
		};
		86B4740C2657E94100384C21 /* FirstStep */ = {
			isa = PBXGroup;
			children = (
				86EE4979265102BD003B0C25 /* CreateFirstViewController.swift */,
				860B5C912652297200171ED3 /* CreateFirstCell.swift */,
				86B474092657E93B00384C21 /* Switcher.swift */,
			);
			path = FirstStep;
			sourceTree = "<group>";
		};
		86B8ED8C264E27B700F2508A /* MeetingPage */ = {
			isa = PBXGroup;
			children = (
				86F203D9264D9E3100A9763A /* Meeting.storyboard */,
				86392C58264FA46C003F7EBC /* MeetingTableViewCell.xib */,
				8653117E264FC39700CFB4F7 /* UIButtonActivity.swift */,
				86EE497F26511C9B003B0C25 /* NotiViewController.swift */,
				86EE498226511D32003B0C25 /* NotiTableViewCell.swift */,
			);
			path = MeetingPage;
			sourceTree = "<group>";
		};
		86C3FA5C264BD3B800480E4F /* View */ = {
			isa = PBXGroup;
			children = (
				867177502669170F00F96535 /* Example */,
				865A00DE265394600061A0E4 /* VotingPage */,
				86531182264FC82100CFB4F7 /* NewsPage */,
				86B8ED8C264E27B700F2508A /* MeetingPage */,
				861F6620264D5C5E00A54C00 /* CreateMainPage */,
				861F6617264D389000A54C00 /* SettingsPage */,
				861F65DE264D1F6400A54C00 /* CalendarView */,
				86406558264D98F1003C756D /* Base */,
			);
			path = View;
			sourceTree = "<group>";
		};
		86C3FA5D264BDDE200480E4F /* ViewModel */ = {
			isa = PBXGroup;
			children = (
				8672AB41266CBEB800FB44B4 /* delete */,
				86A6620B2669E68400DBB799 /* LoginViewModel.swift */,
				8680F09C26653D2C004B46D6 /* VotingViewModel.swift */,
				8672AB3E266CBEB300FB44B4 /* UpdateNotificationVM.swift */,
				8672AB47266CC3F300FB44B4 /* NotificationViewModel.swift */,
				8664422226600CFD00CE0CFA /* VoteViewModel.swift */,
				868DA03E26652E7600E53722 /* OptionViewModel.swift */,
				8681A642265E87D4007CF61A /* SelectOptionViewModel.swift */,
				869F842E265613B000DA1D53 /* MainViewModel.swift */,
				86AABADB266BBB29006D6D06 /* AddViewModel.swift */,
				869F8433265613DD00DA1D53 /* MeetingViewModel.swift */,
				86ECEAA5265FDD7E00465424 /* CreateOptionViewModel.swift */,
				869F844926561F6F00DA1D53 /* CreateMeetingViewModel.swift */,
				868649FB265B74E700E7040F /* CalendarViewModel.swift */,
				861A626B2667AD420002EFD9 /* CreateEventViewModel.swift */,
				8688E39C266C815300D41A6D /* UserEventViewModel.swift */,
				86997224265B687D00A2020A /* EventViewModel.swift */,
				86717781266927F800F96535 /* UserViewModel.swift */,
			);
			path = ViewModel;
			sourceTree = "<group>";
		};
		86C3FA5E264BDDEC00480E4F /* Controller */ = {
			isa = PBXGroup;
			children = (
				865A00F12654297A0061A0E4 /* PastTableViewController.swift */,
				86F203DC264E05EC00A9763A /* MeetingViewController.swift */,
				86AABAD8266BB30A006D6D06 /* AddMeetingViewController.swift */,
			);
			path = Controller;
			sourceTree = "<group>";
		};
		86C3FA5F264BDDFD00480E4F /* Model */ = {
			isa = PBXGroup;
			children = (
				862731C9265B64780068B014 /* FinalModel */,
				86188601264E76170048D9AA /* Constants.swift */,
				869F83F72655304A00DA1D53 /* AskInfo.swift */,
				869F8400265532CA00DA1D53 /* Invite.swift */,
				860B3BB22669E0DE008D5267 /* UserDefaultsName.swift */,
				8671778426692B6200F96535 /* StoryboardName.swift */,
			);
			path = Model;
			sourceTree = "<group>";
		};
		F5362E2D7C7ED93E2FF7A606 /* Frameworks */ = {
			isa = PBXGroup;
			children = (
				FDE1AD6A8960FEB195B049AE /* Pods_inviti.framework */,
			);
			name = Frameworks;
			sourceTree = "<group>";
		};
/* End PBXGroup section */

/* Begin PBXNativeTarget section */
		86B12B41264A8584006EE7FE /* inviti */ = {
			isa = PBXNativeTarget;
			buildConfigurationList = 86B12B56264A8587006EE7FE /* Build configuration list for PBXNativeTarget "inviti" */;
			buildPhases = (
				DECF54FA61C7AC1D89E439BC /* [CP] Check Pods Manifest.lock */,
				86EDAB55264B93E800491D58 /* ShellScript */,
				86B12B3E264A8584006EE7FE /* Sources */,
				86B12B3F264A8584006EE7FE /* Frameworks */,
				86B12B40264A8584006EE7FE /* Resources */,
				1CFAE37BF67E578749D5C242 /* [CP] Embed Pods Frameworks */,
			);
			buildRules = (
			);
			dependencies = (
			);
			name = inviti;
			productName = inviti;
			productReference = 86B12B42264A8584006EE7FE /* inviti.app */;
			productType = "com.apple.product-type.application";
		};
/* End PBXNativeTarget section */

/* Begin PBXProject section */
		86B12B3A264A8584006EE7FE /* Project object */ = {
			isa = PBXProject;
			attributes = {
				LastSwiftUpdateCheck = 1240;
				LastUpgradeCheck = 1240;
				TargetAttributes = {
					86B12B41264A8584006EE7FE = {
						CreatedOnToolsVersion = 12.4;
					};
				};
			};
			buildConfigurationList = 86B12B3D264A8584006EE7FE /* Build configuration list for PBXProject "inviti" */;
			compatibilityVersion = "Xcode 9.3";
			developmentRegion = en;
			hasScannedForEncodings = 0;
			knownRegions = (
				en,
				Base,
			);
			mainGroup = 86B12B39264A8584006EE7FE;
			productRefGroup = 86B12B43264A8584006EE7FE /* Products */;
			projectDirPath = "";
			projectRoot = "";
			targets = (
				86B12B41264A8584006EE7FE /* inviti */,
			);
		};
/* End PBXProject section */

/* Begin PBXResourcesBuildPhase section */
		86B12B40264A8584006EE7FE /* Resources */ = {
			isa = PBXResourcesBuildPhase;
			buildActionMask = 2147483647;
			files = (
				861F65E3264D1F8700A54C00 /* EventTableViewCell.xib in Resources */,
				86C3FA62264BE1F200480E4F /* Settings.storyboard in Resources */,
				86102768266CA68C008DEFD0 /* InvitesTableViewCell.xib in Resources */,
				865A00E0265394820061A0E4 /* Voting.storyboard in Resources */,
				86C3FA6B264BE25B00480E4F /* Calendar.storyboard in Resources */,
				86B12B52264A8587006EE7FE /* LaunchScreen.storyboard in Resources */,
				86C3FA68264BE24A00480E4F /* News.storyboard in Resources */,
				86B12B4F264A8587006EE7FE /* Assets.xcassets in Resources */,
				861885F7264E5FD60048D9AA /* OptionEventTableViewCell.xib in Resources */,
				8671774D2669059A00F96535 /* Login.storyboard in Resources */,
				869F841D265547DF00DA1D53 /* GoogleService-Info.plist in Resources */,
				86C3FA65264BE22900480E4F /* Create.storyboard in Resources */,
				86C3FA6E264BE2A700480E4F /* NotificationPage.storyboard in Resources */,
				86B12B4D264A8584006EE7FE /* Main.storyboard in Resources */,
				860B3BAE266937FF008D5267 /* 60377-letter.json in Resources */,
				861F6628264D5D9800A54C00 /* OptionCollectionViewCell.xib in Resources */,
				86F203DA264D9E3100A9763A /* Meeting.storyboard in Resources */,
				860B3BAF266937FF008D5267 /* 56380-calendar.json in Resources */,
				860A035F265BA31100067F23 /* CalendarNibCell.xib in Resources */,
				86392C5A264FA46C003F7EBC /* MeetingTableViewCell.xib in Resources */,
			);
			runOnlyForDeploymentPostprocessing = 0;
		};
/* End PBXResourcesBuildPhase section */

/* Begin PBXShellScriptBuildPhase section */
		1CFAE37BF67E578749D5C242 /* [CP] Embed Pods Frameworks */ = {
			isa = PBXShellScriptBuildPhase;
			buildActionMask = 2147483647;
			files = (
			);
			inputFileListPaths = (
				"${PODS_ROOT}/Target Support Files/Pods-inviti/Pods-inviti-frameworks-${CONFIGURATION}-input-files.xcfilelist",
			);
			name = "[CP] Embed Pods Frameworks";
			outputFileListPaths = (
				"${PODS_ROOT}/Target Support Files/Pods-inviti/Pods-inviti-frameworks-${CONFIGURATION}-output-files.xcfilelist",
			);
			runOnlyForDeploymentPostprocessing = 0;
			shellPath = /bin/sh;
			shellScript = "\"${PODS_ROOT}/Target Support Files/Pods-inviti/Pods-inviti-frameworks.sh\"\n";
			showEnvVarsInLog = 0;
		};
		86EDAB55264B93E800491D58 /* ShellScript */ = {
			isa = PBXShellScriptBuildPhase;
			buildActionMask = 2147483647;
			files = (
			);
			inputFileListPaths = (
			);
			inputPaths = (
			);
			outputFileListPaths = (
			);
			outputPaths = (
			);
			runOnlyForDeploymentPostprocessing = 0;
			shellPath = /bin/sh;
			shellScript = "PATH=/opt/homebrew/bin:$PATH\nif [ -f ~/moonland.yml ]; then\n  if which swiftlint >/dev/null; then\n    swiftlint --no-cache --config ~/moonland.yml\n  fi\nfi\n";
		};
		DECF54FA61C7AC1D89E439BC /* [CP] Check Pods Manifest.lock */ = {
			isa = PBXShellScriptBuildPhase;
			buildActionMask = 2147483647;
			files = (
			);
			inputFileListPaths = (
			);
			inputPaths = (
				"${PODS_PODFILE_DIR_PATH}/Podfile.lock",
				"${PODS_ROOT}/Manifest.lock",
			);
			name = "[CP] Check Pods Manifest.lock";
			outputFileListPaths = (
			);
			outputPaths = (
				"$(DERIVED_FILE_DIR)/Pods-inviti-checkManifestLockResult.txt",
			);
			runOnlyForDeploymentPostprocessing = 0;
			shellPath = /bin/sh;
			shellScript = "diff \"${PODS_PODFILE_DIR_PATH}/Podfile.lock\" \"${PODS_ROOT}/Manifest.lock\" > /dev/null\nif [ $? != 0 ] ; then\n    # print error to STDERR\n    echo \"error: The sandbox is not in sync with the Podfile.lock. Run 'pod install' or update your CocoaPods installation.\" >&2\n    exit 1\nfi\n# This output is used by Xcode 'outputs' to avoid re-running this script phase.\necho \"SUCCESS\" > \"${SCRIPT_OUTPUT_FILE_0}\"\n";
			showEnvVarsInLog = 0;
		};
/* End PBXShellScriptBuildPhase section */

/* Begin PBXSourcesBuildPhase section */
		86B12B3E264A8584006EE7FE /* Sources */ = {
			isa = PBXSourcesBuildPhase;
			buildActionMask = 2147483647;
			files = (
				8672AB44266CC2A200FB44B4 /* Notification.swift in Sources */,
				8618860C264E78160048D9AA /* CreateSecondVC.swift in Sources */,
				869F8434265613DD00DA1D53 /* MeetingViewModel.swift in Sources */,
				8632C7702668E6A5004D5D3A /* LoginViewController.swift in Sources */,
				86EE498326511D33003B0C25 /* NotiTableViewCell.swift in Sources */,
				860A036C265BB2AD00067F23 /* CTableViewCell.swift in Sources */,
				86997225265B687E00A2020A /* EventViewModel.swift in Sources */,
				86392C59264FA46C003F7EBC /* MeetingTableViewCell.swift in Sources */,
				866C975026563E9400687386 /* ImageHelper.swift in Sources */,
				86AAB24F265A620600C40141 /* UserSelectedData.swift in Sources */,
				8614DE9C2652A56200DC0A9D /* UIButton+Extension.swift in Sources */,
				861F65E2264D1F8700A54C00 /* EventTableViewCell.swift in Sources */,
				866C974626563BF000687386 /* DateHelper.swift in Sources */,
				861F65DC264D13E000A54C00 /* TabCalendarViewController.swift in Sources */,
				8681A652265E8D48007CF61A /* OptionManager.swift in Sources */,
				866C974D26563CD900687386 /* UIColorHelper.swift in Sources */,
				86102767266CA68C008DEFD0 /* InvitesTableViewCell.swift in Sources */,
				86A67D032667C58500E2F174 /* EditSuccessVC.swift in Sources */,
				869F842626560C6900DA1D53 /* UserManager.swift in Sources */,
				8672AB48266CC3F300FB44B4 /* NotificationViewModel.swift in Sources */,
				8672AB4C266CC4C800FB44B4 /* NotificationManager.swift in Sources */,
				86EBFA75266D3098008E6955 /* AddPeopleViewController.swift in Sources */,
				867950C32651741C0041847C /* String+Extension.swift in Sources */,
				86EE497A265102BD003B0C25 /* CreateFirstViewController.swift in Sources */,
				869F844A26561F7000DA1D53 /* CreateMeetingViewModel.swift in Sources */,
				86504B902650095800E42C51 /* UIView+Extension.swift in Sources */,
				8681A643265E87D4007CF61A /* SelectOptionViewModel.swift in Sources */,
				86188610264E78730048D9AA /* OptionCollectionViewCell copy.swift in Sources */,
				869F840A2655357A00DA1D53 /* Meeting.swift in Sources */,
				860792EE2658E6760085ED7D /* SimpleUser.swift in Sources */,
				861F6619264D38AB00A54C00 /* SettingsViewController.swift in Sources */,
				86AABAD9266BB30A006D6D06 /* AddMeetingViewController.swift in Sources */,
				8680F09D26653D2C004B46D6 /* VotingViewModel.swift in Sources */,
				8699BB302667BBEB00D71254 /* CloseSuccessVC.swift in Sources */,
				86EE499F26514C97003B0C25 /* CreateThirdViewController.swift in Sources */,
				869F6E80264CE10A004681A2 /* NavigationController.swift in Sources */,
				865A00F22654297A0061A0E4 /* PastTableViewController.swift in Sources */,
				861885EE264E31FD0048D9AA /* UITableView+Extension.swift in Sources */,
				861F661D264D38EA00A54C00 /* SettingsTableViewCell.swift in Sources */,
				8661E04426661E1F00BD23F5 /* ResultsTableViewCell.swift in Sources */,
				86B12B46264A8584006EE7FE /* AppDelegate.swift in Sources */,
				8688E39D266C815300D41A6D /* UserEventViewModel.swift in Sources */,
				869F844726561D6200DA1D53 /* Box.swift in Sources */,
				8671778526692B6200F96535 /* StoryboardName.swift in Sources */,
				860A035E265BA31100067F23 /* CalendarNibCell.swift in Sources */,
				8661E04126661E0F00BD23F5 /* ResutlsCollectionViewCell.swift in Sources */,
				86ECEAA6265FDD7E00465424 /* CreateOptionViewModel.swift in Sources */,
				8637064F2654EDC100D0A0AB /* EditViewController.swift in Sources */,
				869F842A26560C8400DA1D53 /* NetworkManager.swift in Sources */,
				869F842F265613B000DA1D53 /* MainViewModel.swift in Sources */,
				8688E3A7266C8E9800D41A6D /* SampleUserManager.swift in Sources */,
				86824A4F265B50A400BD706D /* BaseViewController.swift in Sources */,
				863706512654EDC100D0A0AB /* VoteSuccessVC.swift in Sources */,
				8661E0352666187A00BD23F5 /* InvitesViewController.swift in Sources */,
				86188602264E76170048D9AA /* Constants.swift in Sources */,
				86D4F68426582D6E00C00062 /* PaddingableHelper.swift in Sources */,
				863706502654EDC100D0A0AB /* VotingTableViewCell.swift in Sources */,
				8640655B264D9910003C756D /* UIStoryboard+Extension.swift in Sources */,
				865A00E42653A9AA0061A0E4 /* VotingViewController.swift in Sources */,
				869F840E2655363B00DA1D53 /* Option.swift in Sources */,
				861B402526577B66004D1763 /* OptionalSettingsCell.swift in Sources */,
				86717782266927F800F96535 /* UserViewModel.swift in Sources */,
				86B12B48264A8584006EE7FE /* SceneDelegate.swift in Sources */,
				8661E03D26661DDF00BD23F5 /* ResutlsViewController.swift in Sources */,
				868DA03F26652E7600E53722 /* OptionViewModel.swift in Sources */,
				861A626C2667AD420002EFD9 /* CreateEventViewModel.swift in Sources */,
				86824A42265ABFDC00BD706D /* UILabel+Extension.swift in Sources */,
				8672AB3F266CBEB300FB44B4 /* UpdateNotificationVM.swift in Sources */,
				86406555264D98D6003C756D /* TabBarController.swift in Sources */,
				860B5C922652297200171ED3 /* CreateFirstCell.swift in Sources */,
				8610276C266CB713008DEFD0 /* OrderViewModel.swift in Sources */,
				8694B6E7266532D500B9A489 /* VoteManager.swift in Sources */,
				869F8405265534A800DA1D53 /* SelectedOption.swift in Sources */,
				860B3BB32669E0DE008D5267 /* UserDefaultsName.swift in Sources */,
				865A00EE265428FF0061A0E4 /* FurtureTableViewController.swift in Sources */,
				861B402226577AF9004D1763 /* OptionsCell.swift in Sources */,
				863B083226581C2D007CFBF3 /* ShareSuccessVC.swift in Sources */,
				869F83FD265531EC00DA1D53 /* Event.swift in Sources */,
				86C9C670265AA23B0074B2B5 /* ViewController+Extension.swift in Sources */,
				869F8401265532CA00DA1D53 /* Invite.swift in Sources */,
				86A6620C2669E68400DBB799 /* LoginViewModel.swift in Sources */,
				8681A64E265E898B007CF61A /* OptionTime.swift in Sources */,
				868649FC265B74E700E7040F /* CalendarViewModel.swift in Sources */,
				8664422326600CFD00CE0CFA /* VoteViewModel.swift in Sources */,
				865A00E52653A9AA0061A0E4 /* EditTableViewCell.swift in Sources */,
				866813E02667389D00659495 /* ResultTableViewCell.swift in Sources */,
				8653117F264FC39700CFB4F7 /* UIButtonActivity.swift in Sources */,
				869F83F82655304A00DA1D53 /* AskInfo.swift in Sources */,
				861885F6264E5FD60048D9AA /* OptionEventTableViewCell.swift in Sources */,
				86504B8C2650088800E42C51 /* NewsEventTableViewCell.swift in Sources */,
				86AABACE266A8314006D6D06 /* JGProgressHUDHelper.swift in Sources */,
				8665BE55265B6A2200408685 /* EventManager.swift in Sources */,
				86EE498026511C9B003B0C25 /* NotiViewController.swift in Sources */,
				86F203DD264E05EC00A9763A /* MeetingViewController.swift in Sources */,
				86AAB24C265A61E200C40141 /* OptionsData.swift in Sources */,
				86531184264FC84000CFB4F7 /* TopNewsTableViewCell.swift in Sources */,
				86AABADC266BBB29006D6D06 /* AddViewModel.swift in Sources */,
				86504B962650207D00E42C51 /* NewsViewController.swift in Sources */,
				86B4740A2657E93B00384C21 /* Switcher.swift in Sources */,
				868B1D4E266777B9004CFDF1 /* VotingResultViewController.swift in Sources */,
				860A0365265BA7D900067F23 /* CTableViewController.swift in Sources */,
				867177522669171B00F96535 /* File.swift in Sources */,
				869F83F426551ACC00DA1D53 /* User.swift in Sources */,
			);
			runOnlyForDeploymentPostprocessing = 0;
		};
/* End PBXSourcesBuildPhase section */

/* Begin PBXVariantGroup section */
		86B12B4B264A8584006EE7FE /* Main.storyboard */ = {
			isa = PBXVariantGroup;
			children = (
				86B12B4C264A8584006EE7FE /* Base */,
			);
			name = Main.storyboard;
			sourceTree = "<group>";
		};
		86B12B50264A8587006EE7FE /* LaunchScreen.storyboard */ = {
			isa = PBXVariantGroup;
			children = (
				86B12B51264A8587006EE7FE /* Base */,
			);
			name = LaunchScreen.storyboard;
			sourceTree = "<group>";
		};
/* End PBXVariantGroup section */

/* Begin XCBuildConfiguration section */
		86B12B54264A8587006EE7FE /* Debug */ = {
			isa = XCBuildConfiguration;
			buildSettings = {
				ALWAYS_SEARCH_USER_PATHS = NO;
				CLANG_ANALYZER_NONNULL = YES;
				CLANG_ANALYZER_NUMBER_OBJECT_CONVERSION = YES_AGGRESSIVE;
				CLANG_CXX_LANGUAGE_STANDARD = "gnu++14";
				CLANG_CXX_LIBRARY = "libc++";
				CLANG_ENABLE_MODULES = YES;
				CLANG_ENABLE_OBJC_ARC = YES;
				CLANG_ENABLE_OBJC_WEAK = YES;
				CLANG_WARN_BLOCK_CAPTURE_AUTORELEASING = YES;
				CLANG_WARN_BOOL_CONVERSION = YES;
				CLANG_WARN_COMMA = YES;
				CLANG_WARN_CONSTANT_CONVERSION = YES;
				CLANG_WARN_DEPRECATED_OBJC_IMPLEMENTATIONS = YES;
				CLANG_WARN_DIRECT_OBJC_ISA_USAGE = YES_ERROR;
				CLANG_WARN_DOCUMENTATION_COMMENTS = YES;
				CLANG_WARN_EMPTY_BODY = YES;
				CLANG_WARN_ENUM_CONVERSION = YES;
				CLANG_WARN_INFINITE_RECURSION = YES;
				CLANG_WARN_INT_CONVERSION = YES;
				CLANG_WARN_NON_LITERAL_NULL_CONVERSION = YES;
				CLANG_WARN_OBJC_IMPLICIT_RETAIN_SELF = YES;
				CLANG_WARN_OBJC_LITERAL_CONVERSION = YES;
				CLANG_WARN_OBJC_ROOT_CLASS = YES_ERROR;
				CLANG_WARN_QUOTED_INCLUDE_IN_FRAMEWORK_HEADER = YES;
				CLANG_WARN_RANGE_LOOP_ANALYSIS = YES;
				CLANG_WARN_STRICT_PROTOTYPES = YES;
				CLANG_WARN_SUSPICIOUS_MOVE = YES;
				CLANG_WARN_UNGUARDED_AVAILABILITY = YES_AGGRESSIVE;
				CLANG_WARN_UNREACHABLE_CODE = YES;
				CLANG_WARN__DUPLICATE_METHOD_MATCH = YES;
				COPY_PHASE_STRIP = NO;
				DEBUG_INFORMATION_FORMAT = dwarf;
				ENABLE_STRICT_OBJC_MSGSEND = YES;
				ENABLE_TESTABILITY = YES;
				GCC_C_LANGUAGE_STANDARD = gnu11;
				GCC_DYNAMIC_NO_PIC = NO;
				GCC_NO_COMMON_BLOCKS = YES;
				GCC_OPTIMIZATION_LEVEL = 0;
				GCC_PREPROCESSOR_DEFINITIONS = (
					"DEBUG=1",
					"$(inherited)",
				);
				GCC_WARN_64_TO_32_BIT_CONVERSION = YES;
				GCC_WARN_ABOUT_RETURN_TYPE = YES_ERROR;
				GCC_WARN_UNDECLARED_SELECTOR = YES;
				GCC_WARN_UNINITIALIZED_AUTOS = YES_AGGRESSIVE;
				GCC_WARN_UNUSED_FUNCTION = YES;
				GCC_WARN_UNUSED_VARIABLE = YES;
				IPHONEOS_DEPLOYMENT_TARGET = 14.4;
				MTL_ENABLE_DEBUG_INFO = INCLUDE_SOURCE;
				MTL_FAST_MATH = YES;
				ONLY_ACTIVE_ARCH = YES;
				SDKROOT = iphoneos;
				SWIFT_ACTIVE_COMPILATION_CONDITIONS = DEBUG;
				SWIFT_OPTIMIZATION_LEVEL = "-Onone";
			};
			name = Debug;
		};
		86B12B55264A8587006EE7FE /* Release */ = {
			isa = XCBuildConfiguration;
			buildSettings = {
				ALWAYS_SEARCH_USER_PATHS = NO;
				CLANG_ANALYZER_NONNULL = YES;
				CLANG_ANALYZER_NUMBER_OBJECT_CONVERSION = YES_AGGRESSIVE;
				CLANG_CXX_LANGUAGE_STANDARD = "gnu++14";
				CLANG_CXX_LIBRARY = "libc++";
				CLANG_ENABLE_MODULES = YES;
				CLANG_ENABLE_OBJC_ARC = YES;
				CLANG_ENABLE_OBJC_WEAK = YES;
				CLANG_WARN_BLOCK_CAPTURE_AUTORELEASING = YES;
				CLANG_WARN_BOOL_CONVERSION = YES;
				CLANG_WARN_COMMA = YES;
				CLANG_WARN_CONSTANT_CONVERSION = YES;
				CLANG_WARN_DEPRECATED_OBJC_IMPLEMENTATIONS = YES;
				CLANG_WARN_DIRECT_OBJC_ISA_USAGE = YES_ERROR;
				CLANG_WARN_DOCUMENTATION_COMMENTS = YES;
				CLANG_WARN_EMPTY_BODY = YES;
				CLANG_WARN_ENUM_CONVERSION = YES;
				CLANG_WARN_INFINITE_RECURSION = YES;
				CLANG_WARN_INT_CONVERSION = YES;
				CLANG_WARN_NON_LITERAL_NULL_CONVERSION = YES;
				CLANG_WARN_OBJC_IMPLICIT_RETAIN_SELF = YES;
				CLANG_WARN_OBJC_LITERAL_CONVERSION = YES;
				CLANG_WARN_OBJC_ROOT_CLASS = YES_ERROR;
				CLANG_WARN_QUOTED_INCLUDE_IN_FRAMEWORK_HEADER = YES;
				CLANG_WARN_RANGE_LOOP_ANALYSIS = YES;
				CLANG_WARN_STRICT_PROTOTYPES = YES;
				CLANG_WARN_SUSPICIOUS_MOVE = YES;
				CLANG_WARN_UNGUARDED_AVAILABILITY = YES_AGGRESSIVE;
				CLANG_WARN_UNREACHABLE_CODE = YES;
				CLANG_WARN__DUPLICATE_METHOD_MATCH = YES;
				COPY_PHASE_STRIP = NO;
				DEBUG_INFORMATION_FORMAT = "dwarf-with-dsym";
				ENABLE_NS_ASSERTIONS = NO;
				ENABLE_STRICT_OBJC_MSGSEND = YES;
				GCC_C_LANGUAGE_STANDARD = gnu11;
				GCC_NO_COMMON_BLOCKS = YES;
				GCC_WARN_64_TO_32_BIT_CONVERSION = YES;
				GCC_WARN_ABOUT_RETURN_TYPE = YES_ERROR;
				GCC_WARN_UNDECLARED_SELECTOR = YES;
				GCC_WARN_UNINITIALIZED_AUTOS = YES_AGGRESSIVE;
				GCC_WARN_UNUSED_FUNCTION = YES;
				GCC_WARN_UNUSED_VARIABLE = YES;
				IPHONEOS_DEPLOYMENT_TARGET = 14.4;
				MTL_ENABLE_DEBUG_INFO = NO;
				MTL_FAST_MATH = YES;
				SDKROOT = iphoneos;
				SWIFT_COMPILATION_MODE = wholemodule;
				SWIFT_OPTIMIZATION_LEVEL = "-O";
				VALIDATE_PRODUCT = YES;
			};
			name = Release;
		};
		86B12B57264A8587006EE7FE /* Debug */ = {
			isa = XCBuildConfiguration;
			baseConfigurationReference = E5BBABC6525C243DBE8B8AC6 /* Pods-inviti.debug.xcconfig */;
			buildSettings = {
				ASSETCATALOG_COMPILER_APPICON_NAME = AppIcon;
				ASSETCATALOG_COMPILER_GLOBAL_ACCENT_COLOR_NAME = AccentColor;
				CODE_SIGN_ENTITLEMENTS = inviti/inviti.entitlements;
				CODE_SIGN_STYLE = Automatic;
				DEVELOPMENT_TEAM = 5VVRV23ZK6;
				INFOPLIST_FILE = inviti/Info.plist;
				LD_RUNPATH_SEARCH_PATHS = (
					"$(inherited)",
					"@executable_path/Frameworks",
				);
				PRODUCT_BUNDLE_IDENTIFIER = moonland.inviti;
				PRODUCT_NAME = "$(TARGET_NAME)";
				SWIFT_VERSION = 5.0;
				TARGETED_DEVICE_FAMILY = "1,2";
			};
			name = Debug;
		};
		86B12B58264A8587006EE7FE /* Release */ = {
			isa = XCBuildConfiguration;
			baseConfigurationReference = A41EA7A3E1004FFDF363D424 /* Pods-inviti.release.xcconfig */;
			buildSettings = {
				ASSETCATALOG_COMPILER_APPICON_NAME = AppIcon;
				ASSETCATALOG_COMPILER_GLOBAL_ACCENT_COLOR_NAME = AccentColor;
				CODE_SIGN_ENTITLEMENTS = inviti/inviti.entitlements;
				CODE_SIGN_STYLE = Automatic;
				DEVELOPMENT_TEAM = 5VVRV23ZK6;
				INFOPLIST_FILE = inviti/Info.plist;
				LD_RUNPATH_SEARCH_PATHS = (
					"$(inherited)",
					"@executable_path/Frameworks",
				);
				PRODUCT_BUNDLE_IDENTIFIER = moonland.inviti;
				PRODUCT_NAME = "$(TARGET_NAME)";
				SWIFT_VERSION = 5.0;
				TARGETED_DEVICE_FAMILY = "1,2";
			};
			name = Release;
		};
/* End XCBuildConfiguration section */

/* Begin XCConfigurationList section */
		86B12B3D264A8584006EE7FE /* Build configuration list for PBXProject "inviti" */ = {
			isa = XCConfigurationList;
			buildConfigurations = (
				86B12B54264A8587006EE7FE /* Debug */,
				86B12B55264A8587006EE7FE /* Release */,
			);
			defaultConfigurationIsVisible = 0;
			defaultConfigurationName = Release;
		};
		86B12B56264A8587006EE7FE /* Build configuration list for PBXNativeTarget "inviti" */ = {
			isa = XCConfigurationList;
			buildConfigurations = (
				86B12B57264A8587006EE7FE /* Debug */,
				86B12B58264A8587006EE7FE /* Release */,
			);
			defaultConfigurationIsVisible = 0;
			defaultConfigurationName = Release;
		};
/* End XCConfigurationList section */
	};
	rootObject = 86B12B3A264A8584006EE7FE /* Project object */;
}
