// !$*UTF8*$!
{
	archiveVersion = 1;
	classes = {
	};
	objectVersion = 51;
	objects = {

/* Begin PBXBuildFile section */
		860B5C8E2652281C00171ED3 /* copy- CreateFirstPageVC copy.swift in Sources */ = {isa = PBXBuildFile; fileRef = 860B5C8D2652281C00171ED3 /* copy- CreateFirstPageVC copy.swift */; };
		860B5C922652297200171ED3 /* CreateFirstTableViewCell.swift in Sources */ = {isa = PBXBuildFile; fileRef = 860B5C912652297200171ED3 /* CreateFirstTableViewCell.swift */; };
		8614DE4E265291DF00DC0A9D /* DefaultViewController.swift in Sources */ = {isa = PBXBuildFile; fileRef = 8614DE4D265291DF00DC0A9D /* DefaultViewController.swift */; };
		8614DE532652922200DC0A9D /* DefaultViewModel.swift in Sources */ = {isa = PBXBuildFile; fileRef = 8614DE522652922200DC0A9D /* DefaultViewModel.swift */; };
		8614DE562652924600DC0A9D /* DefaultEvent.swift in Sources */ = {isa = PBXBuildFile; fileRef = 8614DE552652924600DC0A9D /* DefaultEvent.swift */; };
		8614DE5D2652924C00DC0A9D /* ExampleOptionsViewController.swift in Sources */ = {isa = PBXBuildFile; fileRef = 8614DE5C2652924B00DC0A9D /* ExampleOptionsViewController.swift */; };
		8614DE632652924F00DC0A9D /* OptionsViewModel.swift in Sources */ = {isa = PBXBuildFile; fileRef = 8614DE622652924F00DC0A9D /* OptionsViewModel.swift */; };
		8614DE662652925300DC0A9D /* DefaultWeekView.swift in Sources */ = {isa = PBXBuildFile; fileRef = 8614DE652652925300DC0A9D /* DefaultWeekView.swift */; };
		8614DE6E265292B000DC0A9D /* EventCell.swift in Sources */ = {isa = PBXBuildFile; fileRef = 8614DE6C265292B000DC0A9D /* EventCell.swift */; };
		8614DE7F2652938800DC0A9D /* OptionsTableViewCell.swift in Sources */ = {isa = PBXBuildFile; fileRef = 8614DE7D2652938800DC0A9D /* OptionsTableViewCell.swift */; };
		8614DE802652938800DC0A9D /* OptionsTableViewCell.xib in Resources */ = {isa = PBXBuildFile; fileRef = 8614DE7E2652938800DC0A9D /* OptionsTableViewCell.xib */; };
		8614DE852652943F00DC0A9D /* ExpandableHeaderView.swift in Sources */ = {isa = PBXBuildFile; fileRef = 8614DE832652943F00DC0A9D /* ExpandableHeaderView.swift */; };
		8614DE862652943F00DC0A9D /* ExpandableHeaderView.xib in Resources */ = {isa = PBXBuildFile; fileRef = 8614DE842652943F00DC0A9D /* ExpandableHeaderView.xib */; };
		8614DE8A265294CD00DC0A9D /* UIColor+Extension.swift in Sources */ = {isa = PBXBuildFile; fileRef = 8614DE89265294CD00DC0A9D /* UIColor+Extension.swift */; };
		8614DE902652950E00DC0A9D /* ToastUtil.swift in Sources */ = {isa = PBXBuildFile; fileRef = 8614DE8F2652950E00DC0A9D /* ToastUtil.swift */; };
		8614DE972652988F00DC0A9D /* EventCell.xib in Resources */ = {isa = PBXBuildFile; fileRef = 8614DE962652988F00DC0A9D /* EventCell.xib */; };
		8614DE9C2652A56200DC0A9D /* UIButton+Extension.swift in Sources */ = {isa = PBXBuildFile; fileRef = 8614DE9B2652A56100DC0A9D /* UIButton+Extension.swift */; };
		861885EE264E31FD0048D9AA /* UITableView+Extension.swift in Sources */ = {isa = PBXBuildFile; fileRef = 861885ED264E31FD0048D9AA /* UITableView+Extension.swift */; };
		861885F6264E5FD60048D9AA /* OptionEventTableViewCell.swift in Sources */ = {isa = PBXBuildFile; fileRef = 861885F4264E5FD60048D9AA /* OptionEventTableViewCell.swift */; };
		861885F7264E5FD60048D9AA /* OptionEventTableViewCell.xib in Resources */ = {isa = PBXBuildFile; fileRef = 861885F5264E5FD60048D9AA /* OptionEventTableViewCell.xib */; };
		861885FB264E759B0048D9AA /* ExampleViewModel.swift in Sources */ = {isa = PBXBuildFile; fileRef = 861885FA264E759B0048D9AA /* ExampleViewModel.swift */; };
		861885FF264E75E50048D9AA /* DynamicHeightCalculable.swift in Sources */ = {isa = PBXBuildFile; fileRef = 861885FE264E75E50048D9AA /* DynamicHeightCalculable.swift */; };
		86188602264E76170048D9AA /* Constants.swift in Sources */ = {isa = PBXBuildFile; fileRef = 86188601264E76170048D9AA /* Constants.swift */; };
		86188605264E76E10048D9AA /* ExampleModel.swift in Sources */ = {isa = PBXBuildFile; fileRef = 86188604264E76E10048D9AA /* ExampleModel.swift */; };
		86188608264E77720048D9AA /* ExampleData.swift in Sources */ = {isa = PBXBuildFile; fileRef = 86188607264E77710048D9AA /* ExampleData.swift */; };
		8618860C264E78160048D9AA /* CreateSecondVC.swift in Sources */ = {isa = PBXBuildFile; fileRef = 8618860B264E78160048D9AA /* CreateSecondVC.swift */; };
		86188610264E78730048D9AA /* OptionCollectionViewCell copy.swift in Sources */ = {isa = PBXBuildFile; fileRef = 8618860F264E78730048D9AA /* OptionCollectionViewCell copy.swift */; };
		861F65DC264D13E000A54C00 /* CalendarViewController.swift in Sources */ = {isa = PBXBuildFile; fileRef = 861F65DB264D13E000A54C00 /* CalendarViewController.swift */; };
		861F65E2264D1F8700A54C00 /* EventTableViewCell.swift in Sources */ = {isa = PBXBuildFile; fileRef = 861F65E0264D1F8700A54C00 /* EventTableViewCell.swift */; };
		861F65E3264D1F8700A54C00 /* EventTableViewCell.xib in Resources */ = {isa = PBXBuildFile; fileRef = 861F65E1264D1F8700A54C00 /* EventTableViewCell.xib */; };
		861F6619264D38AB00A54C00 /* SettingsViewController.swift in Sources */ = {isa = PBXBuildFile; fileRef = 861F6618264D38AB00A54C00 /* SettingsViewController.swift */; };
		861F661D264D38EA00A54C00 /* SettingsTableViewCell.swift in Sources */ = {isa = PBXBuildFile; fileRef = 861F661C264D38EA00A54C00 /* SettingsTableViewCell.swift */; };
		861F6628264D5D9800A54C00 /* OptionCollectionViewCell.xib in Resources */ = {isa = PBXBuildFile; fileRef = 861F6626264D5D9800A54C00 /* OptionCollectionViewCell.xib */; };
		8637064A2654E88F00D0A0AB /* PopEditSuccessVC.swift in Sources */ = {isa = PBXBuildFile; fileRef = 863706492654E88F00D0A0AB /* PopEditSuccessVC.swift */; };
		8637064F2654EDC100D0A0AB /* EditViewController.swift in Sources */ = {isa = PBXBuildFile; fileRef = 8637064C2654EDC100D0A0AB /* EditViewController.swift */; };
		863706502654EDC100D0A0AB /* VotingTableViewCell copy.swift in Sources */ = {isa = PBXBuildFile; fileRef = 8637064E2654EDC100D0A0AB /* VotingTableViewCell copy.swift */; };
		863706512654EDC100D0A0AB /* PopSuccessVC.swift in Sources */ = {isa = PBXBuildFile; fileRef = 8637064D2654EDC100D0A0AB /* PopSuccessVC.swift */; };
		86392C59264FA46C003F7EBC /* MeetingTableViewCell.swift in Sources */ = {isa = PBXBuildFile; fileRef = 86392C57264FA46C003F7EBC /* MeetingTableViewCell.swift */; };
		86392C5A264FA46C003F7EBC /* MeetingTableViewCell.xib in Resources */ = {isa = PBXBuildFile; fileRef = 86392C58264FA46C003F7EBC /* MeetingTableViewCell.xib */; };
		86406555264D98D6003C756D /* TabBarController.swift in Sources */ = {isa = PBXBuildFile; fileRef = 86406554264D98D6003C756D /* TabBarController.swift */; };
		8640655B264D9910003C756D /* UIStoryboard+Extension.swift in Sources */ = {isa = PBXBuildFile; fileRef = 8640655A264D9910003C756D /* UIStoryboard+Extension.swift */; };
		86504B8C2650088800E42C51 /* NewsEventTableViewCell.swift in Sources */ = {isa = PBXBuildFile; fileRef = 86504B8B2650088800E42C51 /* NewsEventTableViewCell.swift */; };
		86504B902650095800E42C51 /* UIView+Extension.swift in Sources */ = {isa = PBXBuildFile; fileRef = 86504B8F2650095800E42C51 /* UIView+Extension.swift */; };
		86504B962650207D00E42C51 /* NewsViewController.swift in Sources */ = {isa = PBXBuildFile; fileRef = 86504B952650207D00E42C51 /* NewsViewController.swift */; };
		8653117F264FC39700CFB4F7 /* UIButtonActivity.swift in Sources */ = {isa = PBXBuildFile; fileRef = 8653117E264FC39700CFB4F7 /* UIButtonActivity.swift */; };
		86531184264FC84000CFB4F7 /* TopNewsTableViewCell.swift in Sources */ = {isa = PBXBuildFile; fileRef = 86531183264FC84000CFB4F7 /* TopNewsTableViewCell.swift */; };
		865A00E0265394820061A0E4 /* Voting.storyboard in Resources */ = {isa = PBXBuildFile; fileRef = 865A00DF265394820061A0E4 /* Voting.storyboard */; };
		865A00E42653A9AA0061A0E4 /* VotingViewController.swift in Sources */ = {isa = PBXBuildFile; fileRef = 865A00E22653A9AA0061A0E4 /* VotingViewController.swift */; };
		865A00E52653A9AA0061A0E4 /* EditTableViewCell.swift in Sources */ = {isa = PBXBuildFile; fileRef = 865A00E32653A9AA0061A0E4 /* EditTableViewCell.swift */; };
		865A00EE265428FF0061A0E4 /* FurtureTableViewController.swift in Sources */ = {isa = PBXBuildFile; fileRef = 865A00ED265428FF0061A0E4 /* FurtureTableViewController.swift */; };
		865A00F22654297A0061A0E4 /* PastTableViewController.swift in Sources */ = {isa = PBXBuildFile; fileRef = 865A00F12654297A0061A0E4 /* PastTableViewController.swift */; };
		8667673D26525190009D9979 /* copy - CalendarViewController copy.swift in Sources */ = {isa = PBXBuildFile; fileRef = 8667673C26525190009D9979 /* copy - CalendarViewController copy.swift */; };
		866C974626563BF000687386 /* DateHelper.swift in Sources */ = {isa = PBXBuildFile; fileRef = 866C974526563BF000687386 /* DateHelper.swift */; };
		866C974D26563CD900687386 /* UIColorHelper.swift in Sources */ = {isa = PBXBuildFile; fileRef = 866C974B26563CD900687386 /* UIColorHelper.swift */; };
		866C975026563E9400687386 /* ImageHelper.swift in Sources */ = {isa = PBXBuildFile; fileRef = 866C974F26563E9400687386 /* ImageHelper.swift */; };
		867950C32651741C0041847C /* String+Extension.swift in Sources */ = {isa = PBXBuildFile; fileRef = 867950C22651741C0041847C /* String+Extension.swift */; };
		867950C7265215230041847C /* UIScrollView+Extension.swift in Sources */ = {isa = PBXBuildFile; fileRef = 867950C6265215230041847C /* UIScrollView+Extension.swift */; };
		869F6E80264CE10A004681A2 /* NavigationController.swift in Sources */ = {isa = PBXBuildFile; fileRef = 869F6E7F264CE10A004681A2 /* NavigationController.swift */; };
		869F83F426551ACC00DA1D53 /* User.swift in Sources */ = {isa = PBXBuildFile; fileRef = 869F83F326551ACC00DA1D53 /* User.swift */; };
		869F83F82655304A00DA1D53 /* AskInfo.swift in Sources */ = {isa = PBXBuildFile; fileRef = 869F83F72655304A00DA1D53 /* AskInfo.swift */; };
		869F83FD265531EC00DA1D53 /* Event.swift in Sources */ = {isa = PBXBuildFile; fileRef = 869F83FC265531EC00DA1D53 /* Event.swift */; };
		869F8401265532CA00DA1D53 /* Invite.swift in Sources */ = {isa = PBXBuildFile; fileRef = 869F8400265532CA00DA1D53 /* Invite.swift */; };
		869F8405265534A800DA1D53 /* OptionSelected.swift in Sources */ = {isa = PBXBuildFile; fileRef = 869F8404265534A800DA1D53 /* OptionSelected.swift */; };
		869F840A2655357A00DA1D53 /* Meeting.swift in Sources */ = {isa = PBXBuildFile; fileRef = 869F84092655357A00DA1D53 /* Meeting.swift */; };
		869F840E2655363B00DA1D53 /* Option.swift in Sources */ = {isa = PBXBuildFile; fileRef = 869F840D2655363B00DA1D53 /* Option.swift */; };
		869F841D265547DF00DA1D53 /* GoogleService-Info.plist in Resources */ = {isa = PBXBuildFile; fileRef = 869F841C265547DF00DA1D53 /* GoogleService-Info.plist */; };
		869F842226555CE900DA1D53 /* AddMockData.swift in Sources */ = {isa = PBXBuildFile; fileRef = 869F842126555CE900DA1D53 /* AddMockData.swift */; };
		869F842626560C6900DA1D53 /* UserManager.swift in Sources */ = {isa = PBXBuildFile; fileRef = 869F842526560C6900DA1D53 /* UserManager.swift */; };
		869F842A26560C8400DA1D53 /* NetworkManager.swift in Sources */ = {isa = PBXBuildFile; fileRef = 869F842926560C8400DA1D53 /* NetworkManager.swift */; };
		869F842F265613B000DA1D53 /* MainViewModel.swift in Sources */ = {isa = PBXBuildFile; fileRef = 869F842E265613B000DA1D53 /* MainViewModel.swift */; };
		869F8434265613DD00DA1D53 /* MeetingViewModel.swift in Sources */ = {isa = PBXBuildFile; fileRef = 869F8433265613DD00DA1D53 /* MeetingViewModel.swift */; };
		869F844626561D6200DA1D53 /* PaddingableUILabel.swift in Sources */ = {isa = PBXBuildFile; fileRef = 869F844426561D6200DA1D53 /* PaddingableUILabel.swift */; };
		869F844726561D6200DA1D53 /* Box.swift in Sources */ = {isa = PBXBuildFile; fileRef = 869F844526561D6200DA1D53 /* Box.swift */; };
		869F844A26561F7000DA1D53 /* CreateViewModel.swift in Sources */ = {isa = PBXBuildFile; fileRef = 869F844926561F6F00DA1D53 /* CreateViewModel.swift */; };
		869F8497265634DE00DA1D53 /* PublishViewController.swift in Sources */ = {isa = PBXBuildFile; fileRef = 869F8496265634DE00DA1D53 /* PublishViewController.swift */; };
		86B12B46264A8584006EE7FE /* AppDelegate.swift in Sources */ = {isa = PBXBuildFile; fileRef = 86B12B45264A8584006EE7FE /* AppDelegate.swift */; };
		86B12B48264A8584006EE7FE /* SceneDelegate.swift in Sources */ = {isa = PBXBuildFile; fileRef = 86B12B47264A8584006EE7FE /* SceneDelegate.swift */; };
		86B12B4A264A8584006EE7FE /* HomeViewController.swift in Sources */ = {isa = PBXBuildFile; fileRef = 86B12B49264A8584006EE7FE /* HomeViewController.swift */; };
		86B12B4D264A8584006EE7FE /* Main.storyboard in Resources */ = {isa = PBXBuildFile; fileRef = 86B12B4B264A8584006EE7FE /* Main.storyboard */; };
		86B12B4F264A8587006EE7FE /* Assets.xcassets in Resources */ = {isa = PBXBuildFile; fileRef = 86B12B4E264A8587006EE7FE /* Assets.xcassets */; };
		86B12B52264A8587006EE7FE /* LaunchScreen.storyboard in Resources */ = {isa = PBXBuildFile; fileRef = 86B12B50264A8587006EE7FE /* LaunchScreen.storyboard */; };
		86C3FA62264BE1F200480E4F /* Settings.storyboard in Resources */ = {isa = PBXBuildFile; fileRef = 86C3FA61264BE1F200480E4F /* Settings.storyboard */; };
		86C3FA65264BE22900480E4F /* Create.storyboard in Resources */ = {isa = PBXBuildFile; fileRef = 86C3FA64264BE22900480E4F /* Create.storyboard */; };
		86C3FA68264BE24A00480E4F /* News.storyboard in Resources */ = {isa = PBXBuildFile; fileRef = 86C3FA67264BE24A00480E4F /* News.storyboard */; };
		86C3FA6B264BE25B00480E4F /* Calendar.storyboard in Resources */ = {isa = PBXBuildFile; fileRef = 86C3FA6A264BE25B00480E4F /* Calendar.storyboard */; };
		86C3FA6E264BE2A700480E4F /* NotificationPage.storyboard in Resources */ = {isa = PBXBuildFile; fileRef = 86C3FA6D264BE2A700480E4F /* NotificationPage.storyboard */; };
		86C3FA72264BF44000480E4F /* TabBarController-copy.swift in Sources */ = {isa = PBXBuildFile; fileRef = 86C3FA71264BF44000480E4F /* TabBarController-copy.swift */; };
		86EE497A265102BD003B0C25 /* CreateFirstPageVC.swift in Sources */ = {isa = PBXBuildFile; fileRef = 86EE4979265102BD003B0C25 /* CreateFirstPageVC.swift */; };
		86EE498026511C9B003B0C25 /* NotiViewController.swift in Sources */ = {isa = PBXBuildFile; fileRef = 86EE497F26511C9B003B0C25 /* NotiViewController.swift */; };
		86EE498326511D33003B0C25 /* NotiTableViewCell.swift in Sources */ = {isa = PBXBuildFile; fileRef = 86EE498226511D32003B0C25 /* NotiTableViewCell.swift */; };
		86EE499F26514C97003B0C25 /* CreateThirdViewController.swift in Sources */ = {isa = PBXBuildFile; fileRef = 86EE499E26514C97003B0C25 /* CreateThirdViewController.swift */; };
		86F203DA264D9E3100A9763A /* Meeting.storyboard in Resources */ = {isa = PBXBuildFile; fileRef = 86F203D9264D9E3100A9763A /* Meeting.storyboard */; };
		86F203DD264E05EC00A9763A /* MeetingViewController.swift in Sources */ = {isa = PBXBuildFile; fileRef = 86F203DC264E05EC00A9763A /* MeetingViewController.swift */; };
		A3090504881DDDF486642645 /* Pods_inviti.framework in Frameworks */ = {isa = PBXBuildFile; fileRef = FDE1AD6A8960FEB195B049AE /* Pods_inviti.framework */; };
/* End PBXBuildFile section */

/* Begin PBXFileReference section */
		860B5C8D2652281C00171ED3 /* copy- CreateFirstPageVC copy.swift */ = {isa = PBXFileReference; lastKnownFileType = sourcecode.swift; path = "copy- CreateFirstPageVC copy.swift"; sourceTree = "<group>"; };
		860B5C912652297200171ED3 /* CreateFirstTableViewCell.swift */ = {isa = PBXFileReference; lastKnownFileType = sourcecode.swift; path = CreateFirstTableViewCell.swift; sourceTree = "<group>"; };
		8614DE4D265291DF00DC0A9D /* DefaultViewController.swift */ = {isa = PBXFileReference; lastKnownFileType = sourcecode.swift; path = DefaultViewController.swift; sourceTree = "<group>"; };
		8614DE522652922200DC0A9D /* DefaultViewModel.swift */ = {isa = PBXFileReference; lastKnownFileType = sourcecode.swift; path = DefaultViewModel.swift; sourceTree = "<group>"; };
		8614DE552652924600DC0A9D /* DefaultEvent.swift */ = {isa = PBXFileReference; lastKnownFileType = sourcecode.swift; path = DefaultEvent.swift; sourceTree = "<group>"; };
		8614DE5C2652924B00DC0A9D /* ExampleOptionsViewController.swift */ = {isa = PBXFileReference; lastKnownFileType = sourcecode.swift; path = ExampleOptionsViewController.swift; sourceTree = "<group>"; };
		8614DE622652924F00DC0A9D /* OptionsViewModel.swift */ = {isa = PBXFileReference; lastKnownFileType = sourcecode.swift; path = OptionsViewModel.swift; sourceTree = "<group>"; };
		8614DE652652925300DC0A9D /* DefaultWeekView.swift */ = {isa = PBXFileReference; lastKnownFileType = sourcecode.swift; path = DefaultWeekView.swift; sourceTree = "<group>"; };
		8614DE6C265292B000DC0A9D /* EventCell.swift */ = {isa = PBXFileReference; lastKnownFileType = sourcecode.swift; path = EventCell.swift; sourceTree = "<group>"; };
		8614DE7D2652938800DC0A9D /* OptionsTableViewCell.swift */ = {isa = PBXFileReference; lastKnownFileType = sourcecode.swift; path = OptionsTableViewCell.swift; sourceTree = "<group>"; };
		8614DE7E2652938800DC0A9D /* OptionsTableViewCell.xib */ = {isa = PBXFileReference; lastKnownFileType = file.xib; path = OptionsTableViewCell.xib; sourceTree = "<group>"; };
		8614DE832652943F00DC0A9D /* ExpandableHeaderView.swift */ = {isa = PBXFileReference; lastKnownFileType = sourcecode.swift; path = ExpandableHeaderView.swift; sourceTree = "<group>"; };
		8614DE842652943F00DC0A9D /* ExpandableHeaderView.xib */ = {isa = PBXFileReference; lastKnownFileType = file.xib; path = ExpandableHeaderView.xib; sourceTree = "<group>"; };
		8614DE89265294CD00DC0A9D /* UIColor+Extension.swift */ = {isa = PBXFileReference; lastKnownFileType = sourcecode.swift; path = "UIColor+Extension.swift"; sourceTree = "<group>"; };
		8614DE8F2652950E00DC0A9D /* ToastUtil.swift */ = {isa = PBXFileReference; lastKnownFileType = sourcecode.swift; path = ToastUtil.swift; sourceTree = "<group>"; };
		8614DE962652988F00DC0A9D /* EventCell.xib */ = {isa = PBXFileReference; fileEncoding = 4; lastKnownFileType = file.xib; path = EventCell.xib; sourceTree = "<group>"; };
		8614DE9B2652A56100DC0A9D /* UIButton+Extension.swift */ = {isa = PBXFileReference; lastKnownFileType = sourcecode.swift; path = "UIButton+Extension.swift"; sourceTree = "<group>"; };
		861885ED264E31FD0048D9AA /* UITableView+Extension.swift */ = {isa = PBXFileReference; fileEncoding = 4; lastKnownFileType = sourcecode.swift; name = "UITableView+Extension.swift"; path = "inviti/Extension/UITableView+Extension.swift"; sourceTree = SOURCE_ROOT; };
		861885F4264E5FD60048D9AA /* OptionEventTableViewCell.swift */ = {isa = PBXFileReference; lastKnownFileType = sourcecode.swift; path = OptionEventTableViewCell.swift; sourceTree = "<group>"; };
		861885F5264E5FD60048D9AA /* OptionEventTableViewCell.xib */ = {isa = PBXFileReference; lastKnownFileType = file.xib; path = OptionEventTableViewCell.xib; sourceTree = "<group>"; };
		861885FA264E759B0048D9AA /* ExampleViewModel.swift */ = {isa = PBXFileReference; lastKnownFileType = sourcecode.swift; path = ExampleViewModel.swift; sourceTree = "<group>"; };
		861885FE264E75E50048D9AA /* DynamicHeightCalculable.swift */ = {isa = PBXFileReference; lastKnownFileType = sourcecode.swift; path = DynamicHeightCalculable.swift; sourceTree = "<group>"; };
		86188601264E76170048D9AA /* Constants.swift */ = {isa = PBXFileReference; lastKnownFileType = sourcecode.swift; path = Constants.swift; sourceTree = "<group>"; };
		86188604264E76E10048D9AA /* ExampleModel.swift */ = {isa = PBXFileReference; lastKnownFileType = sourcecode.swift; path = ExampleModel.swift; sourceTree = "<group>"; };
		86188607264E77710048D9AA /* ExampleData.swift */ = {isa = PBXFileReference; lastKnownFileType = sourcecode.swift; path = ExampleData.swift; sourceTree = "<group>"; };
		8618860B264E78160048D9AA /* CreateSecondVC.swift */ = {isa = PBXFileReference; lastKnownFileType = sourcecode.swift; path = CreateSecondVC.swift; sourceTree = "<group>"; };
		8618860F264E78730048D9AA /* OptionCollectionViewCell copy.swift */ = {isa = PBXFileReference; lastKnownFileType = sourcecode.swift; path = "OptionCollectionViewCell copy.swift"; sourceTree = "<group>"; };
		861F65DB264D13E000A54C00 /* CalendarViewController.swift */ = {isa = PBXFileReference; lastKnownFileType = sourcecode.swift; path = CalendarViewController.swift; sourceTree = "<group>"; };
		861F65E0264D1F8700A54C00 /* EventTableViewCell.swift */ = {isa = PBXFileReference; lastKnownFileType = sourcecode.swift; path = EventTableViewCell.swift; sourceTree = "<group>"; };
		861F65E1264D1F8700A54C00 /* EventTableViewCell.xib */ = {isa = PBXFileReference; lastKnownFileType = file.xib; path = EventTableViewCell.xib; sourceTree = "<group>"; };
		861F6618264D38AB00A54C00 /* SettingsViewController.swift */ = {isa = PBXFileReference; lastKnownFileType = sourcecode.swift; path = SettingsViewController.swift; sourceTree = "<group>"; };
		861F661C264D38EA00A54C00 /* SettingsTableViewCell.swift */ = {isa = PBXFileReference; lastKnownFileType = sourcecode.swift; path = SettingsTableViewCell.swift; sourceTree = "<group>"; };
		861F6626264D5D9800A54C00 /* OptionCollectionViewCell.xib */ = {isa = PBXFileReference; lastKnownFileType = file.xib; path = OptionCollectionViewCell.xib; sourceTree = "<group>"; };
		863706492654E88F00D0A0AB /* PopEditSuccessVC.swift */ = {isa = PBXFileReference; lastKnownFileType = sourcecode.swift; path = PopEditSuccessVC.swift; sourceTree = "<group>"; };
		8637064C2654EDC100D0A0AB /* EditViewController.swift */ = {isa = PBXFileReference; lastKnownFileType = sourcecode.swift; path = EditViewController.swift; sourceTree = "<group>"; };
		8637064D2654EDC100D0A0AB /* PopSuccessVC.swift */ = {isa = PBXFileReference; lastKnownFileType = sourcecode.swift; path = PopSuccessVC.swift; sourceTree = "<group>"; };
		8637064E2654EDC100D0A0AB /* VotingTableViewCell copy.swift */ = {isa = PBXFileReference; lastKnownFileType = sourcecode.swift; path = "VotingTableViewCell copy.swift"; sourceTree = "<group>"; };
		86392C57264FA46C003F7EBC /* MeetingTableViewCell.swift */ = {isa = PBXFileReference; lastKnownFileType = sourcecode.swift; path = MeetingTableViewCell.swift; sourceTree = "<group>"; };
		86392C58264FA46C003F7EBC /* MeetingTableViewCell.xib */ = {isa = PBXFileReference; lastKnownFileType = file.xib; path = MeetingTableViewCell.xib; sourceTree = "<group>"; };
		86406554264D98D6003C756D /* TabBarController.swift */ = {isa = PBXFileReference; lastKnownFileType = sourcecode.swift; path = TabBarController.swift; sourceTree = "<group>"; };
		8640655A264D9910003C756D /* UIStoryboard+Extension.swift */ = {isa = PBXFileReference; lastKnownFileType = sourcecode.swift; path = "UIStoryboard+Extension.swift"; sourceTree = "<group>"; };
		86504B8B2650088800E42C51 /* NewsEventTableViewCell.swift */ = {isa = PBXFileReference; lastKnownFileType = sourcecode.swift; path = NewsEventTableViewCell.swift; sourceTree = "<group>"; };
		86504B8F2650095800E42C51 /* UIView+Extension.swift */ = {isa = PBXFileReference; lastKnownFileType = sourcecode.swift; path = "UIView+Extension.swift"; sourceTree = "<group>"; };
		86504B952650207D00E42C51 /* NewsViewController.swift */ = {isa = PBXFileReference; lastKnownFileType = sourcecode.swift; path = NewsViewController.swift; sourceTree = "<group>"; };
		8653117E264FC39700CFB4F7 /* UIButtonActivity.swift */ = {isa = PBXFileReference; lastKnownFileType = sourcecode.swift; path = UIButtonActivity.swift; sourceTree = "<group>"; };
		86531183264FC84000CFB4F7 /* TopNewsTableViewCell.swift */ = {isa = PBXFileReference; lastKnownFileType = sourcecode.swift; path = TopNewsTableViewCell.swift; sourceTree = "<group>"; };
		865A00DF265394820061A0E4 /* Voting.storyboard */ = {isa = PBXFileReference; lastKnownFileType = file.storyboard; path = Voting.storyboard; sourceTree = "<group>"; };
		865A00E22653A9AA0061A0E4 /* VotingViewController.swift */ = {isa = PBXFileReference; lastKnownFileType = sourcecode.swift; path = VotingViewController.swift; sourceTree = "<group>"; };
		865A00E32653A9AA0061A0E4 /* EditTableViewCell.swift */ = {isa = PBXFileReference; lastKnownFileType = sourcecode.swift; path = EditTableViewCell.swift; sourceTree = "<group>"; };
		865A00ED265428FF0061A0E4 /* FurtureTableViewController.swift */ = {isa = PBXFileReference; lastKnownFileType = sourcecode.swift; path = FurtureTableViewController.swift; sourceTree = "<group>"; };
		865A00F12654297A0061A0E4 /* PastTableViewController.swift */ = {isa = PBXFileReference; lastKnownFileType = sourcecode.swift; path = PastTableViewController.swift; sourceTree = "<group>"; };
		8667673C26525190009D9979 /* copy - CalendarViewController copy.swift */ = {isa = PBXFileReference; lastKnownFileType = sourcecode.swift; path = "copy - CalendarViewController copy.swift"; sourceTree = "<group>"; };
		866C974526563BF000687386 /* DateHelper.swift */ = {isa = PBXFileReference; lastKnownFileType = sourcecode.swift; path = DateHelper.swift; sourceTree = "<group>"; };
		866C974B26563CD900687386 /* UIColorHelper.swift */ = {isa = PBXFileReference; fileEncoding = 4; lastKnownFileType = sourcecode.swift; path = UIColorHelper.swift; sourceTree = "<group>"; };
		866C974F26563E9400687386 /* ImageHelper.swift */ = {isa = PBXFileReference; lastKnownFileType = sourcecode.swift; path = ImageHelper.swift; sourceTree = "<group>"; };
		867950C22651741C0041847C /* String+Extension.swift */ = {isa = PBXFileReference; lastKnownFileType = sourcecode.swift; path = "String+Extension.swift"; sourceTree = "<group>"; };
		867950C6265215230041847C /* UIScrollView+Extension.swift */ = {isa = PBXFileReference; lastKnownFileType = sourcecode.swift; path = "UIScrollView+Extension.swift"; sourceTree = "<group>"; };
		869F6E7F264CE10A004681A2 /* NavigationController.swift */ = {isa = PBXFileReference; lastKnownFileType = sourcecode.swift; path = NavigationController.swift; sourceTree = "<group>"; };
		869F83F326551ACC00DA1D53 /* User.swift */ = {isa = PBXFileReference; lastKnownFileType = sourcecode.swift; path = User.swift; sourceTree = "<group>"; };
		869F83F72655304A00DA1D53 /* AskInfo.swift */ = {isa = PBXFileReference; lastKnownFileType = sourcecode.swift; path = AskInfo.swift; sourceTree = "<group>"; };
		869F83FC265531EC00DA1D53 /* Event.swift */ = {isa = PBXFileReference; lastKnownFileType = sourcecode.swift; path = Event.swift; sourceTree = "<group>"; };
		869F8400265532CA00DA1D53 /* Invite.swift */ = {isa = PBXFileReference; lastKnownFileType = sourcecode.swift; path = Invite.swift; sourceTree = "<group>"; };
		869F8404265534A800DA1D53 /* OptionSelected.swift */ = {isa = PBXFileReference; lastKnownFileType = sourcecode.swift; path = OptionSelected.swift; sourceTree = "<group>"; };
		869F84092655357A00DA1D53 /* Meeting.swift */ = {isa = PBXFileReference; lastKnownFileType = sourcecode.swift; path = Meeting.swift; sourceTree = "<group>"; };
		869F840D2655363B00DA1D53 /* Option.swift */ = {isa = PBXFileReference; lastKnownFileType = sourcecode.swift; path = Option.swift; sourceTree = "<group>"; };
		869F841C265547DF00DA1D53 /* GoogleService-Info.plist */ = {isa = PBXFileReference; fileEncoding = 4; lastKnownFileType = text.plist.xml; path = "GoogleService-Info.plist"; sourceTree = "<group>"; };
		869F842126555CE900DA1D53 /* AddMockData.swift */ = {isa = PBXFileReference; lastKnownFileType = sourcecode.swift; path = AddMockData.swift; sourceTree = "<group>"; };
		869F842526560C6900DA1D53 /* UserManager.swift */ = {isa = PBXFileReference; lastKnownFileType = sourcecode.swift; path = UserManager.swift; sourceTree = "<group>"; };
		869F842926560C8400DA1D53 /* NetworkManager.swift */ = {isa = PBXFileReference; lastKnownFileType = sourcecode.swift; path = NetworkManager.swift; sourceTree = "<group>"; };
		869F842E265613B000DA1D53 /* MainViewModel.swift */ = {isa = PBXFileReference; lastKnownFileType = sourcecode.swift; path = MainViewModel.swift; sourceTree = "<group>"; };
		869F8433265613DD00DA1D53 /* MeetingViewModel.swift */ = {isa = PBXFileReference; lastKnownFileType = sourcecode.swift; path = MeetingViewModel.swift; sourceTree = "<group>"; };
		869F844426561D6200DA1D53 /* PaddingableUILabel.swift */ = {isa = PBXFileReference; fileEncoding = 4; lastKnownFileType = sourcecode.swift; path = PaddingableUILabel.swift; sourceTree = "<group>"; };
		869F844526561D6200DA1D53 /* Box.swift */ = {isa = PBXFileReference; fileEncoding = 4; lastKnownFileType = sourcecode.swift; path = Box.swift; sourceTree = "<group>"; };
		869F844926561F6F00DA1D53 /* CreateViewModel.swift */ = {isa = PBXFileReference; lastKnownFileType = sourcecode.swift; path = CreateViewModel.swift; sourceTree = "<group>"; };
		869F8496265634DE00DA1D53 /* PublishViewController.swift */ = {isa = PBXFileReference; lastKnownFileType = sourcecode.swift; path = PublishViewController.swift; sourceTree = "<group>"; };
		86B12B42264A8584006EE7FE /* inviti.app */ = {isa = PBXFileReference; explicitFileType = wrapper.application; includeInIndex = 0; path = inviti.app; sourceTree = BUILT_PRODUCTS_DIR; };
		86B12B45264A8584006EE7FE /* AppDelegate.swift */ = {isa = PBXFileReference; lastKnownFileType = sourcecode.swift; path = AppDelegate.swift; sourceTree = "<group>"; };
		86B12B47264A8584006EE7FE /* SceneDelegate.swift */ = {isa = PBXFileReference; lastKnownFileType = sourcecode.swift; path = SceneDelegate.swift; sourceTree = "<group>"; };
		86B12B49264A8584006EE7FE /* HomeViewController.swift */ = {isa = PBXFileReference; lastKnownFileType = sourcecode.swift; path = HomeViewController.swift; sourceTree = "<group>"; };
		86B12B4C264A8584006EE7FE /* Base */ = {isa = PBXFileReference; lastKnownFileType = file.storyboard; name = Base; path = Base.lproj/Main.storyboard; sourceTree = "<group>"; };
		86B12B4E264A8587006EE7FE /* Assets.xcassets */ = {isa = PBXFileReference; lastKnownFileType = folder.assetcatalog; path = Assets.xcassets; sourceTree = "<group>"; };
		86B12B51264A8587006EE7FE /* Base */ = {isa = PBXFileReference; lastKnownFileType = file.storyboard; name = Base; path = Base.lproj/LaunchScreen.storyboard; sourceTree = "<group>"; };
		86B12B53264A8587006EE7FE /* Info.plist */ = {isa = PBXFileReference; lastKnownFileType = text.plist.xml; path = Info.plist; sourceTree = "<group>"; };
		86C3FA61264BE1F200480E4F /* Settings.storyboard */ = {isa = PBXFileReference; lastKnownFileType = file.storyboard; path = Settings.storyboard; sourceTree = "<group>"; };
		86C3FA64264BE22900480E4F /* Create.storyboard */ = {isa = PBXFileReference; lastKnownFileType = file.storyboard; path = Create.storyboard; sourceTree = "<group>"; };
		86C3FA67264BE24A00480E4F /* News.storyboard */ = {isa = PBXFileReference; lastKnownFileType = file.storyboard; path = News.storyboard; sourceTree = "<group>"; };
		86C3FA6A264BE25B00480E4F /* Calendar.storyboard */ = {isa = PBXFileReference; lastKnownFileType = file.storyboard; path = Calendar.storyboard; sourceTree = "<group>"; };
		86C3FA6D264BE2A700480E4F /* NotificationPage.storyboard */ = {isa = PBXFileReference; lastKnownFileType = file.storyboard; path = NotificationPage.storyboard; sourceTree = "<group>"; };
		86C3FA71264BF44000480E4F /* TabBarController-copy.swift */ = {isa = PBXFileReference; lastKnownFileType = sourcecode.swift; path = "TabBarController-copy.swift"; sourceTree = "<group>"; };
		86EE4979265102BD003B0C25 /* CreateFirstPageVC.swift */ = {isa = PBXFileReference; lastKnownFileType = sourcecode.swift; path = CreateFirstPageVC.swift; sourceTree = "<group>"; };
		86EE497F26511C9B003B0C25 /* NotiViewController.swift */ = {isa = PBXFileReference; lastKnownFileType = sourcecode.swift; path = NotiViewController.swift; sourceTree = "<group>"; };
		86EE498226511D32003B0C25 /* NotiTableViewCell.swift */ = {isa = PBXFileReference; lastKnownFileType = sourcecode.swift; path = NotiTableViewCell.swift; sourceTree = "<group>"; };
		86EE499E26514C97003B0C25 /* CreateThirdViewController.swift */ = {isa = PBXFileReference; lastKnownFileType = sourcecode.swift; path = CreateThirdViewController.swift; sourceTree = "<group>"; };
		86F203D9264D9E3100A9763A /* Meeting.storyboard */ = {isa = PBXFileReference; fileEncoding = 4; lastKnownFileType = file.storyboard; path = Meeting.storyboard; sourceTree = "<group>"; };
		86F203DC264E05EC00A9763A /* MeetingViewController.swift */ = {isa = PBXFileReference; lastKnownFileType = sourcecode.swift; path = MeetingViewController.swift; sourceTree = "<group>"; };
		A41EA7A3E1004FFDF363D424 /* Pods-inviti.release.xcconfig */ = {isa = PBXFileReference; includeInIndex = 1; lastKnownFileType = text.xcconfig; name = "Pods-inviti.release.xcconfig"; path = "Target Support Files/Pods-inviti/Pods-inviti.release.xcconfig"; sourceTree = "<group>"; };
		E5BBABC6525C243DBE8B8AC6 /* Pods-inviti.debug.xcconfig */ = {isa = PBXFileReference; includeInIndex = 1; lastKnownFileType = text.xcconfig; name = "Pods-inviti.debug.xcconfig"; path = "Target Support Files/Pods-inviti/Pods-inviti.debug.xcconfig"; sourceTree = "<group>"; };
		FDE1AD6A8960FEB195B049AE /* Pods_inviti.framework */ = {isa = PBXFileReference; explicitFileType = wrapper.framework; includeInIndex = 0; path = Pods_inviti.framework; sourceTree = BUILT_PRODUCTS_DIR; };
/* End PBXFileReference section */

/* Begin PBXFrameworksBuildPhase section */
		86B12B3F264A8584006EE7FE /* Frameworks */ = {
			isa = PBXFrameworksBuildPhase;
			buildActionMask = 2147483647;
			files = (
				A3090504881DDDF486642645 /* Pods_inviti.framework in Frameworks */,
			);
			runOnlyForDeploymentPostprocessing = 0;
		};
/* End PBXFrameworksBuildPhase section */

/* Begin PBXGroup section */
		1C94417FB07E2A206AEFB117 /* Pods */ = {
			isa = PBXGroup;
			children = (
				E5BBABC6525C243DBE8B8AC6 /* Pods-inviti.debug.xcconfig */,
				A41EA7A3E1004FFDF363D424 /* Pods-inviti.release.xcconfig */,
			);
			path = Pods;
			sourceTree = "<group>";
		};
		8614DE50265291E400DC0A9D /* Example */ = {
			isa = PBXGroup;
			children = (
				8614DE4D265291DF00DC0A9D /* DefaultViewController.swift */,
				8614DE522652922200DC0A9D /* DefaultViewModel.swift */,
				8614DE622652924F00DC0A9D /* OptionsViewModel.swift */,
				8614DE5C2652924B00DC0A9D /* ExampleOptionsViewController.swift */,
				8614DE652652925300DC0A9D /* DefaultWeekView.swift */,
				8614DE552652924600DC0A9D /* DefaultEvent.swift */,
				8614DE6C265292B000DC0A9D /* EventCell.swift */,
				8614DE962652988F00DC0A9D /* EventCell.xib */,
				8614DE7D2652938800DC0A9D /* OptionsTableViewCell.swift */,
				8614DE7E2652938800DC0A9D /* OptionsTableViewCell.xib */,
				8614DE832652943F00DC0A9D /* ExpandableHeaderView.swift */,
				8614DE842652943F00DC0A9D /* ExpandableHeaderView.xib */,
			);
			path = Example;
			sourceTree = "<group>";
		};
		861F65DE264D1F6400A54C00 /* CalendarView */ = {
			isa = PBXGroup;
			children = (
				86C3FA6A264BE25B00480E4F /* Calendar.storyboard */,
				861F65DB264D13E000A54C00 /* CalendarViewController.swift */,
				861F65E0264D1F8700A54C00 /* EventTableViewCell.swift */,
				861F65E1264D1F8700A54C00 /* EventTableViewCell.xib */,
			);
			path = CalendarView;
			sourceTree = "<group>";
		};
		861F6617264D389000A54C00 /* SettingsPage */ = {
			isa = PBXGroup;
			children = (
				86C3FA61264BE1F200480E4F /* Settings.storyboard */,
				861F6618264D38AB00A54C00 /* SettingsViewController.swift */,
				861F661C264D38EA00A54C00 /* SettingsTableViewCell.swift */,
			);
			path = SettingsPage;
			sourceTree = "<group>";
		};
		861F6620264D5C5E00A54C00 /* CreateMainPage */ = {
			isa = PBXGroup;
			children = (
				8614DE50265291E400DC0A9D /* Example */,
				86EE499E26514C97003B0C25 /* CreateThirdViewController.swift */,
				860B5C912652297200171ED3 /* CreateFirstTableViewCell.swift */,
				86C3FA64264BE22900480E4F /* Create.storyboard */,
				8618860B264E78160048D9AA /* CreateSecondVC.swift */,
				8618860F264E78730048D9AA /* OptionCollectionViewCell copy.swift */,
				861F6626264D5D9800A54C00 /* OptionCollectionViewCell.xib */,
				861885F4264E5FD60048D9AA /* OptionEventTableViewCell.swift */,
				861885F5264E5FD60048D9AA /* OptionEventTableViewCell.xib */,
			);
			path = CreateMainPage;
			sourceTree = "<group>";
		};
		86406557264D98DE003C756D /* Backups */ = {
			isa = PBXGroup;
			children = (
				860B5C8D2652281C00171ED3 /* copy- CreateFirstPageVC copy.swift */,
				8667673C26525190009D9979 /* copy - CalendarViewController copy.swift */,
				86C3FA71264BF44000480E4F /* TabBarController-copy.swift */,
				86188607264E77710048D9AA /* ExampleData.swift */,
			);
			path = Backups;
			sourceTree = "<group>";
		};
		86406558264D98F1003C756D /* Base */ = {
			isa = PBXGroup;
			children = (
				869F6E7F264CE10A004681A2 /* NavigationController.swift */,
				86406554264D98D6003C756D /* TabBarController.swift */,
			);
			path = Base;
			sourceTree = "<group>";
		};
		86406559264D9901003C756D /* Extension */ = {
			isa = PBXGroup;
			children = (
				861885ED264E31FD0048D9AA /* UITableView+Extension.swift */,
				8640655A264D9910003C756D /* UIStoryboard+Extension.swift */,
				86504B8F2650095800E42C51 /* UIView+Extension.swift */,
				867950C22651741C0041847C /* String+Extension.swift */,
				867950C6265215230041847C /* UIScrollView+Extension.swift */,
				8614DE89265294CD00DC0A9D /* UIColor+Extension.swift */,
				8614DE8F2652950E00DC0A9D /* ToastUtil.swift */,
				8614DE9B2652A56100DC0A9D /* UIButton+Extension.swift */,
			);
			path = Extension;
			sourceTree = "<group>";
		};
		86531182264FC82100CFB4F7 /* NewsPage */ = {
			isa = PBXGroup;
			children = (
				86504B8B2650088800E42C51 /* NewsEventTableViewCell.swift */,
				86504B952650207D00E42C51 /* NewsViewController.swift */,
				86C3FA67264BE24A00480E4F /* News.storyboard */,
				86531183264FC84000CFB4F7 /* TopNewsTableViewCell.swift */,
			);
			path = NewsPage;
			sourceTree = "<group>";
		};
		865A00DE265394600061A0E4 /* VotingPage */ = {
			isa = PBXGroup;
			children = (
				865A00DF265394820061A0E4 /* Voting.storyboard */,
				865A00E22653A9AA0061A0E4 /* VotingViewController.swift */,
				8637064E2654EDC100D0A0AB /* VotingTableViewCell copy.swift */,
				8637064D2654EDC100D0A0AB /* PopSuccessVC.swift */,
				8637064C2654EDC100D0A0AB /* EditViewController.swift */,
				865A00E32653A9AA0061A0E4 /* EditTableViewCell.swift */,
				863706492654E88F00D0A0AB /* PopEditSuccessVC.swift */,
			);
			path = VotingPage;
			sourceTree = "<group>";
		};
		866C974426563BE600687386 /* Helper */ = {
			isa = PBXGroup;
			children = (
				866C974526563BF000687386 /* DateHelper.swift */,
				866C974B26563CD900687386 /* UIColorHelper.swift */,
				866C974F26563E9400687386 /* ImageHelper.swift */,
			);
			path = Helper;
			sourceTree = "<group>";
		};
		869F842426560C4D00DA1D53 /* Network */ = {
			isa = PBXGroup;
			children = (
				869F842926560C8400DA1D53 /* NetworkManager.swift */,
				869F842526560C6900DA1D53 /* UserManager.swift */,
			);
			path = Network;
			sourceTree = "<group>";
		};
		869F842D2656139800DA1D53 /* Util */ = {
			isa = PBXGroup;
			children = (
				869F844526561D6200DA1D53 /* Box.swift */,
				869F844426561D6200DA1D53 /* PaddingableUILabel.swift */,
			);
			path = Util;
			sourceTree = "<group>";
		};
		86B12B39264A8584006EE7FE = {
			isa = PBXGroup;
			children = (
				86B12B44264A8584006EE7FE /* inviti */,
				86B12B43264A8584006EE7FE /* Products */,
				1C94417FB07E2A206AEFB117 /* Pods */,
				F5362E2D7C7ED93E2FF7A606 /* Frameworks */,
			);
			sourceTree = "<group>";
		};
		86B12B43264A8584006EE7FE /* Products */ = {
			isa = PBXGroup;
			children = (
				86B12B42264A8584006EE7FE /* inviti.app */,
			);
			name = Products;
			sourceTree = "<group>";
		};
		86B12B44264A8584006EE7FE /* inviti */ = {
			isa = PBXGroup;
			children = (
				866C974426563BE600687386 /* Helper */,
				869F842D2656139800DA1D53 /* Util */,
				869F842426560C4D00DA1D53 /* Network */,
				86406559264D9901003C756D /* Extension */,
				86406557264D98DE003C756D /* Backups */,
				86C3FA5F264BDDFD00480E4F /* Model */,
				86C3FA5E264BDDEC00480E4F /* Controller */,
				86C3FA5D264BDDE200480E4F /* ViewModel */,
				86C3FA5C264BD3B800480E4F /* View */,
				86B12B45264A8584006EE7FE /* AppDelegate.swift */,
				86B12B47264A8584006EE7FE /* SceneDelegate.swift */,
				869F841C265547DF00DA1D53 /* GoogleService-Info.plist */,
				86B12B4B264A8584006EE7FE /* Main.storyboard */,
				86C3FA6D264BE2A700480E4F /* NotificationPage.storyboard */,
				86B12B4E264A8587006EE7FE /* Assets.xcassets */,
				86B12B50264A8587006EE7FE /* LaunchScreen.storyboard */,
				86B12B53264A8587006EE7FE /* Info.plist */,
			);
			path = inviti;
			sourceTree = "<group>";
		};
		86B8ED8C264E27B700F2508A /* MeetingPage */ = {
			isa = PBXGroup;
			children = (
				86F203D9264D9E3100A9763A /* Meeting.storyboard */,
				86392C57264FA46C003F7EBC /* MeetingTableViewCell.swift */,
				86392C58264FA46C003F7EBC /* MeetingTableViewCell.xib */,
				8653117E264FC39700CFB4F7 /* UIButtonActivity.swift */,
				86EE497F26511C9B003B0C25 /* NotiViewController.swift */,
				86EE498226511D32003B0C25 /* NotiTableViewCell.swift */,
			);
			path = MeetingPage;
			sourceTree = "<group>";
		};
		86C3FA5C264BD3B800480E4F /* View */ = {
			isa = PBXGroup;
			children = (
				865A00DE265394600061A0E4 /* VotingPage */,
				86531182264FC82100CFB4F7 /* NewsPage */,
				86B8ED8C264E27B700F2508A /* MeetingPage */,
				861F6620264D5C5E00A54C00 /* CreateMainPage */,
				861F6617264D389000A54C00 /* SettingsPage */,
				861F65DE264D1F6400A54C00 /* CalendarView */,
				86406558264D98F1003C756D /* Base */,
			);
			path = View;
			sourceTree = "<group>";
		};
		86C3FA5D264BDDE200480E4F /* ViewModel */ = {
			isa = PBXGroup;
			children = (
				861885FA264E759B0048D9AA /* ExampleViewModel.swift */,
				861885FE264E75E50048D9AA /* DynamicHeightCalculable.swift */,
				869F842126555CE900DA1D53 /* AddMockData.swift */,
				869F8433265613DD00DA1D53 /* MeetingViewModel.swift */,
				869F844926561F6F00DA1D53 /* CreateViewModel.swift */,
				869F842E265613B000DA1D53 /* MainViewModel.swift */,
			);
			path = ViewModel;
			sourceTree = "<group>";
		};
		86C3FA5E264BDDEC00480E4F /* Controller */ = {
			isa = PBXGroup;
			children = (
				865A00ED265428FF0061A0E4 /* FurtureTableViewController.swift */,
				865A00F12654297A0061A0E4 /* PastTableViewController.swift */,
				86EE4979265102BD003B0C25 /* CreateFirstPageVC.swift */,
				86F203DC264E05EC00A9763A /* MeetingViewController.swift */,
				86B12B49264A8584006EE7FE /* HomeViewController.swift */,
				869F8496265634DE00DA1D53 /* PublishViewController.swift */,
			);
			path = Controller;
			sourceTree = "<group>";
		};
		86C3FA5F264BDDFD00480E4F /* Model */ = {
			isa = PBXGroup;
			children = (
				86188601264E76170048D9AA /* Constants.swift */,
				86188604264E76E10048D9AA /* ExampleModel.swift */,
				869F83F72655304A00DA1D53 /* AskInfo.swift */,
				869F8400265532CA00DA1D53 /* Invite.swift */,
				869F8404265534A800DA1D53 /* OptionSelected.swift */,
				869F840D2655363B00DA1D53 /* Option.swift */,
				869F84092655357A00DA1D53 /* Meeting.swift */,
				869F83FC265531EC00DA1D53 /* Event.swift */,
				869F83F326551ACC00DA1D53 /* User.swift */,
			);
			path = Model;
			sourceTree = "<group>";
		};
		F5362E2D7C7ED93E2FF7A606 /* Frameworks */ = {
			isa = PBXGroup;
			children = (
				FDE1AD6A8960FEB195B049AE /* Pods_inviti.framework */,
			);
			name = Frameworks;
			sourceTree = "<group>";
		};
/* End PBXGroup section */

/* Begin PBXNativeTarget section */
		86B12B41264A8584006EE7FE /* inviti */ = {
			isa = PBXNativeTarget;
			buildConfigurationList = 86B12B56264A8587006EE7FE /* Build configuration list for PBXNativeTarget "inviti" */;
			buildPhases = (
				DECF54FA61C7AC1D89E439BC /* [CP] Check Pods Manifest.lock */,
				86EDAB55264B93E800491D58 /* ShellScript */,
				86B12B3E264A8584006EE7FE /* Sources */,
				86B12B3F264A8584006EE7FE /* Frameworks */,
				86B12B40264A8584006EE7FE /* Resources */,
				1CFAE37BF67E578749D5C242 /* [CP] Embed Pods Frameworks */,
			);
			buildRules = (
			);
			dependencies = (
			);
			name = inviti;
			productName = inviti;
			productReference = 86B12B42264A8584006EE7FE /* inviti.app */;
			productType = "com.apple.product-type.application";
		};
/* End PBXNativeTarget section */

/* Begin PBXProject section */
		86B12B3A264A8584006EE7FE /* Project object */ = {
			isa = PBXProject;
			attributes = {
				LastSwiftUpdateCheck = 1240;
				LastUpgradeCheck = 1240;
				TargetAttributes = {
					86B12B41264A8584006EE7FE = {
						CreatedOnToolsVersion = 12.4;
					};
				};
			};
			buildConfigurationList = 86B12B3D264A8584006EE7FE /* Build configuration list for PBXProject "inviti" */;
			compatibilityVersion = "Xcode 9.3";
			developmentRegion = en;
			hasScannedForEncodings = 0;
			knownRegions = (
				en,
				Base,
			);
			mainGroup = 86B12B39264A8584006EE7FE;
			productRefGroup = 86B12B43264A8584006EE7FE /* Products */;
			projectDirPath = "";
			projectRoot = "";
			targets = (
				86B12B41264A8584006EE7FE /* inviti */,
			);
		};
/* End PBXProject section */

/* Begin PBXResourcesBuildPhase section */
		86B12B40264A8584006EE7FE /* Resources */ = {
			isa = PBXResourcesBuildPhase;
			buildActionMask = 2147483647;
			files = (
				8614DE972652988F00DC0A9D /* EventCell.xib in Resources */,
				861F65E3264D1F8700A54C00 /* EventTableViewCell.xib in Resources */,
				8614DE862652943F00DC0A9D /* ExpandableHeaderView.xib in Resources */,
				8614DE802652938800DC0A9D /* OptionsTableViewCell.xib in Resources */,
				86C3FA62264BE1F200480E4F /* Settings.storyboard in Resources */,
				865A00E0265394820061A0E4 /* Voting.storyboard in Resources */,
				86C3FA6B264BE25B00480E4F /* Calendar.storyboard in Resources */,
				86B12B52264A8587006EE7FE /* LaunchScreen.storyboard in Resources */,
				86C3FA68264BE24A00480E4F /* News.storyboard in Resources */,
				86B12B4F264A8587006EE7FE /* Assets.xcassets in Resources */,
				861885F7264E5FD60048D9AA /* OptionEventTableViewCell.xib in Resources */,
				869F841D265547DF00DA1D53 /* GoogleService-Info.plist in Resources */,
				86C3FA65264BE22900480E4F /* Create.storyboard in Resources */,
				86C3FA6E264BE2A700480E4F /* NotificationPage.storyboard in Resources */,
				86B12B4D264A8584006EE7FE /* Main.storyboard in Resources */,
				861F6628264D5D9800A54C00 /* OptionCollectionViewCell.xib in Resources */,
				86F203DA264D9E3100A9763A /* Meeting.storyboard in Resources */,
				86392C5A264FA46C003F7EBC /* MeetingTableViewCell.xib in Resources */,
			);
			runOnlyForDeploymentPostprocessing = 0;
		};
/* End PBXResourcesBuildPhase section */

/* Begin PBXShellScriptBuildPhase section */
		1CFAE37BF67E578749D5C242 /* [CP] Embed Pods Frameworks */ = {
			isa = PBXShellScriptBuildPhase;
			buildActionMask = 2147483647;
			files = (
			);
			inputFileListPaths = (
				"${PODS_ROOT}/Target Support Files/Pods-inviti/Pods-inviti-frameworks-${CONFIGURATION}-input-files.xcfilelist",
			);
			name = "[CP] Embed Pods Frameworks";
			outputFileListPaths = (
				"${PODS_ROOT}/Target Support Files/Pods-inviti/Pods-inviti-frameworks-${CONFIGURATION}-output-files.xcfilelist",
			);
			runOnlyForDeploymentPostprocessing = 0;
			shellPath = /bin/sh;
			shellScript = "\"${PODS_ROOT}/Target Support Files/Pods-inviti/Pods-inviti-frameworks.sh\"\n";
			showEnvVarsInLog = 0;
		};
		86EDAB55264B93E800491D58 /* ShellScript */ = {
			isa = PBXShellScriptBuildPhase;
			buildActionMask = 2147483647;
			files = (
			);
			inputFileListPaths = (
			);
			inputPaths = (
			);
			outputFileListPaths = (
			);
			outputPaths = (
			);
			runOnlyForDeploymentPostprocessing = 0;
			shellPath = /bin/sh;
			shellScript = "PATH=/opt/homebrew/bin:$PATH\nif [ -f ~/moonland.yml ]; then\n  if which swiftlint >/dev/null; then\n    swiftlint --no-cache --config ~/moonland.yml\n  fi\nfi\n";
		};
		DECF54FA61C7AC1D89E439BC /* [CP] Check Pods Manifest.lock */ = {
			isa = PBXShellScriptBuildPhase;
			buildActionMask = 2147483647;
			files = (
			);
			inputFileListPaths = (
			);
			inputPaths = (
				"${PODS_PODFILE_DIR_PATH}/Podfile.lock",
				"${PODS_ROOT}/Manifest.lock",
			);
			name = "[CP] Check Pods Manifest.lock";
			outputFileListPaths = (
			);
			outputPaths = (
				"$(DERIVED_FILE_DIR)/Pods-inviti-checkManifestLockResult.txt",
			);
			runOnlyForDeploymentPostprocessing = 0;
			shellPath = /bin/sh;
			shellScript = "diff \"${PODS_PODFILE_DIR_PATH}/Podfile.lock\" \"${PODS_ROOT}/Manifest.lock\" > /dev/null\nif [ $? != 0 ] ; then\n    # print error to STDERR\n    echo \"error: The sandbox is not in sync with the Podfile.lock. Run 'pod install' or update your CocoaPods installation.\" >&2\n    exit 1\nfi\n# This output is used by Xcode 'outputs' to avoid re-running this script phase.\necho \"SUCCESS\" > \"${SCRIPT_OUTPUT_FILE_0}\"\n";
			showEnvVarsInLog = 0;
		};
/* End PBXShellScriptBuildPhase section */

/* Begin PBXSourcesBuildPhase section */
		86B12B3E264A8584006EE7FE /* Sources */ = {
			isa = PBXSourcesBuildPhase;
			buildActionMask = 2147483647;
			files = (
				8637064A2654E88F00D0A0AB /* PopEditSuccessVC.swift in Sources */,
				8618860C264E78160048D9AA /* CreateSecondVC.swift in Sources */,
				8614DE532652922200DC0A9D /* DefaultViewModel.swift in Sources */,
				869F8434265613DD00DA1D53 /* MeetingViewModel.swift in Sources */,
				86EE498326511D33003B0C25 /* NotiTableViewCell.swift in Sources */,
				8614DE632652924F00DC0A9D /* OptionsViewModel.swift in Sources */,
				86392C59264FA46C003F7EBC /* MeetingTableViewCell.swift in Sources */,
				866C975026563E9400687386 /* ImageHelper.swift in Sources */,
				8614DE9C2652A56200DC0A9D /* UIButton+Extension.swift in Sources */,
				861F65E2264D1F8700A54C00 /* EventTableViewCell.swift in Sources */,
				866C974626563BF000687386 /* DateHelper.swift in Sources */,
				861F65DC264D13E000A54C00 /* CalendarViewController.swift in Sources */,
				8614DE5D2652924C00DC0A9D /* ExampleOptionsViewController.swift in Sources */,
				866C974D26563CD900687386 /* UIColorHelper.swift in Sources */,
				869F842626560C6900DA1D53 /* UserManager.swift in Sources */,
				867950C32651741C0041847C /* String+Extension.swift in Sources */,
				86EE497A265102BD003B0C25 /* CreateFirstPageVC.swift in Sources */,
				869F844A26561F7000DA1D53 /* CreateViewModel.swift in Sources */,
				86504B902650095800E42C51 /* UIView+Extension.swift in Sources */,
				86188608264E77720048D9AA /* ExampleData.swift in Sources */,
				86B12B4A264A8584006EE7FE /* HomeViewController.swift in Sources */,
				86188610264E78730048D9AA /* OptionCollectionViewCell copy.swift in Sources */,
				8614DE4E265291DF00DC0A9D /* DefaultViewController.swift in Sources */,
				869F840A2655357A00DA1D53 /* Meeting.swift in Sources */,
				861F6619264D38AB00A54C00 /* SettingsViewController.swift in Sources */,
				86EE499F26514C97003B0C25 /* CreateThirdViewController.swift in Sources */,
				869F6E80264CE10A004681A2 /* NavigationController.swift in Sources */,
				865A00F22654297A0061A0E4 /* PastTableViewController.swift in Sources */,
				861885EE264E31FD0048D9AA /* UITableView+Extension.swift in Sources */,
				861F661D264D38EA00A54C00 /* SettingsTableViewCell.swift in Sources */,
				8614DE6E265292B000DC0A9D /* EventCell.swift in Sources */,
				8614DE852652943F00DC0A9D /* ExpandableHeaderView.swift in Sources */,
				86B12B46264A8584006EE7FE /* AppDelegate.swift in Sources */,
				869F844726561D6200DA1D53 /* Box.swift in Sources */,
				86188605264E76E10048D9AA /* ExampleModel.swift in Sources */,
				8637064F2654EDC100D0A0AB /* EditViewController.swift in Sources */,
				869F842A26560C8400DA1D53 /* NetworkManager.swift in Sources */,
				869F842F265613B000DA1D53 /* MainViewModel.swift in Sources */,
				861885FF264E75E50048D9AA /* DynamicHeightCalculable.swift in Sources */,
				8614DE8A265294CD00DC0A9D /* UIColor+Extension.swift in Sources */,
				863706512654EDC100D0A0AB /* PopSuccessVC.swift in Sources */,
				86188602264E76170048D9AA /* Constants.swift in Sources */,
				863706502654EDC100D0A0AB /* VotingTableViewCell copy.swift in Sources */,
				8614DE902652950E00DC0A9D /* ToastUtil.swift in Sources */,
				8640655B264D9910003C756D /* UIStoryboard+Extension.swift in Sources */,
				865A00E42653A9AA0061A0E4 /* VotingViewController.swift in Sources */,
				869F840E2655363B00DA1D53 /* Option.swift in Sources */,
				86B12B48264A8584006EE7FE /* SceneDelegate.swift in Sources */,
				86406555264D98D6003C756D /* TabBarController.swift in Sources */,
				860B5C922652297200171ED3 /* CreateFirstTableViewCell.swift in Sources */,
				869F8405265534A800DA1D53 /* OptionSelected.swift in Sources */,
				865A00EE265428FF0061A0E4 /* FurtureTableViewController.swift in Sources */,
				8614DE562652924600DC0A9D /* DefaultEvent.swift in Sources */,
				8614DE662652925300DC0A9D /* DefaultWeekView.swift in Sources */,
				8614DE7F2652938800DC0A9D /* OptionsTableViewCell.swift in Sources */,
				8667673D26525190009D9979 /* copy - CalendarViewController copy.swift in Sources */,
				869F83FD265531EC00DA1D53 /* Event.swift in Sources */,
				869F844626561D6200DA1D53 /* PaddingableUILabel.swift in Sources */,
				869F8401265532CA00DA1D53 /* Invite.swift in Sources */,
				865A00E52653A9AA0061A0E4 /* EditTableViewCell.swift in Sources */,
				8653117F264FC39700CFB4F7 /* UIButtonActivity.swift in Sources */,
				869F83F82655304A00DA1D53 /* AskInfo.swift in Sources */,
				861885F6264E5FD60048D9AA /* OptionEventTableViewCell.swift in Sources */,
				86504B8C2650088800E42C51 /* NewsEventTableViewCell.swift in Sources */,
				869F8497265634DE00DA1D53 /* PublishViewController.swift in Sources */,
				860B5C8E2652281C00171ED3 /* copy- CreateFirstPageVC copy.swift in Sources */,
				86EE498026511C9B003B0C25 /* NotiViewController.swift in Sources */,
				86F203DD264E05EC00A9763A /* MeetingViewController.swift in Sources */,
				869F842226555CE900DA1D53 /* AddMockData.swift in Sources */,
				86531184264FC84000CFB4F7 /* TopNewsTableViewCell.swift in Sources */,
				861885FB264E759B0048D9AA /* ExampleViewModel.swift in Sources */,
				86504B962650207D00E42C51 /* NewsViewController.swift in Sources */,
				867950C7265215230041847C /* UIScrollView+Extension.swift in Sources */,
				869F83F426551ACC00DA1D53 /* User.swift in Sources */,
				86C3FA72264BF44000480E4F /* TabBarController-copy.swift in Sources */,
			);
			runOnlyForDeploymentPostprocessing = 0;
		};
/* End PBXSourcesBuildPhase section */

/* Begin PBXVariantGroup section */
		86B12B4B264A8584006EE7FE /* Main.storyboard */ = {
			isa = PBXVariantGroup;
			children = (
				86B12B4C264A8584006EE7FE /* Base */,
			);
			name = Main.storyboard;
			sourceTree = "<group>";
		};
		86B12B50264A8587006EE7FE /* LaunchScreen.storyboard */ = {
			isa = PBXVariantGroup;
			children = (
				86B12B51264A8587006EE7FE /* Base */,
			);
			name = LaunchScreen.storyboard;
			sourceTree = "<group>";
		};
/* End PBXVariantGroup section */

/* Begin XCBuildConfiguration section */
		86B12B54264A8587006EE7FE /* Debug */ = {
			isa = XCBuildConfiguration;
			buildSettings = {
				ALWAYS_SEARCH_USER_PATHS = NO;
				CLANG_ANALYZER_NONNULL = YES;
				CLANG_ANALYZER_NUMBER_OBJECT_CONVERSION = YES_AGGRESSIVE;
				CLANG_CXX_LANGUAGE_STANDARD = "gnu++14";
				CLANG_CXX_LIBRARY = "libc++";
				CLANG_ENABLE_MODULES = YES;
				CLANG_ENABLE_OBJC_ARC = YES;
				CLANG_ENABLE_OBJC_WEAK = YES;
				CLANG_WARN_BLOCK_CAPTURE_AUTORELEASING = YES;
				CLANG_WARN_BOOL_CONVERSION = YES;
				CLANG_WARN_COMMA = YES;
				CLANG_WARN_CONSTANT_CONVERSION = YES;
				CLANG_WARN_DEPRECATED_OBJC_IMPLEMENTATIONS = YES;
				CLANG_WARN_DIRECT_OBJC_ISA_USAGE = YES_ERROR;
				CLANG_WARN_DOCUMENTATION_COMMENTS = YES;
				CLANG_WARN_EMPTY_BODY = YES;
				CLANG_WARN_ENUM_CONVERSION = YES;
				CLANG_WARN_INFINITE_RECURSION = YES;
				CLANG_WARN_INT_CONVERSION = YES;
				CLANG_WARN_NON_LITERAL_NULL_CONVERSION = YES;
				CLANG_WARN_OBJC_IMPLICIT_RETAIN_SELF = YES;
				CLANG_WARN_OBJC_LITERAL_CONVERSION = YES;
				CLANG_WARN_OBJC_ROOT_CLASS = YES_ERROR;
				CLANG_WARN_QUOTED_INCLUDE_IN_FRAMEWORK_HEADER = YES;
				CLANG_WARN_RANGE_LOOP_ANALYSIS = YES;
				CLANG_WARN_STRICT_PROTOTYPES = YES;
				CLANG_WARN_SUSPICIOUS_MOVE = YES;
				CLANG_WARN_UNGUARDED_AVAILABILITY = YES_AGGRESSIVE;
				CLANG_WARN_UNREACHABLE_CODE = YES;
				CLANG_WARN__DUPLICATE_METHOD_MATCH = YES;
				COPY_PHASE_STRIP = NO;
				DEBUG_INFORMATION_FORMAT = dwarf;
				ENABLE_STRICT_OBJC_MSGSEND = YES;
				ENABLE_TESTABILITY = YES;
				GCC_C_LANGUAGE_STANDARD = gnu11;
				GCC_DYNAMIC_NO_PIC = NO;
				GCC_NO_COMMON_BLOCKS = YES;
				GCC_OPTIMIZATION_LEVEL = 0;
				GCC_PREPROCESSOR_DEFINITIONS = (
					"DEBUG=1",
					"$(inherited)",
				);
				GCC_WARN_64_TO_32_BIT_CONVERSION = YES;
				GCC_WARN_ABOUT_RETURN_TYPE = YES_ERROR;
				GCC_WARN_UNDECLARED_SELECTOR = YES;
				GCC_WARN_UNINITIALIZED_AUTOS = YES_AGGRESSIVE;
				GCC_WARN_UNUSED_FUNCTION = YES;
				GCC_WARN_UNUSED_VARIABLE = YES;
				IPHONEOS_DEPLOYMENT_TARGET = 14.4;
				MTL_ENABLE_DEBUG_INFO = INCLUDE_SOURCE;
				MTL_FAST_MATH = YES;
				ONLY_ACTIVE_ARCH = YES;
				SDKROOT = iphoneos;
				SWIFT_ACTIVE_COMPILATION_CONDITIONS = DEBUG;
				SWIFT_OPTIMIZATION_LEVEL = "-Onone";
			};
			name = Debug;
		};
		86B12B55264A8587006EE7FE /* Release */ = {
			isa = XCBuildConfiguration;
			buildSettings = {
				ALWAYS_SEARCH_USER_PATHS = NO;
				CLANG_ANALYZER_NONNULL = YES;
				CLANG_ANALYZER_NUMBER_OBJECT_CONVERSION = YES_AGGRESSIVE;
				CLANG_CXX_LANGUAGE_STANDARD = "gnu++14";
				CLANG_CXX_LIBRARY = "libc++";
				CLANG_ENABLE_MODULES = YES;
				CLANG_ENABLE_OBJC_ARC = YES;
				CLANG_ENABLE_OBJC_WEAK = YES;
				CLANG_WARN_BLOCK_CAPTURE_AUTORELEASING = YES;
				CLANG_WARN_BOOL_CONVERSION = YES;
				CLANG_WARN_COMMA = YES;
				CLANG_WARN_CONSTANT_CONVERSION = YES;
				CLANG_WARN_DEPRECATED_OBJC_IMPLEMENTATIONS = YES;
				CLANG_WARN_DIRECT_OBJC_ISA_USAGE = YES_ERROR;
				CLANG_WARN_DOCUMENTATION_COMMENTS = YES;
				CLANG_WARN_EMPTY_BODY = YES;
				CLANG_WARN_ENUM_CONVERSION = YES;
				CLANG_WARN_INFINITE_RECURSION = YES;
				CLANG_WARN_INT_CONVERSION = YES;
				CLANG_WARN_NON_LITERAL_NULL_CONVERSION = YES;
				CLANG_WARN_OBJC_IMPLICIT_RETAIN_SELF = YES;
				CLANG_WARN_OBJC_LITERAL_CONVERSION = YES;
				CLANG_WARN_OBJC_ROOT_CLASS = YES_ERROR;
				CLANG_WARN_QUOTED_INCLUDE_IN_FRAMEWORK_HEADER = YES;
				CLANG_WARN_RANGE_LOOP_ANALYSIS = YES;
				CLANG_WARN_STRICT_PROTOTYPES = YES;
				CLANG_WARN_SUSPICIOUS_MOVE = YES;
				CLANG_WARN_UNGUARDED_AVAILABILITY = YES_AGGRESSIVE;
				CLANG_WARN_UNREACHABLE_CODE = YES;
				CLANG_WARN__DUPLICATE_METHOD_MATCH = YES;
				COPY_PHASE_STRIP = NO;
				DEBUG_INFORMATION_FORMAT = "dwarf-with-dsym";
				ENABLE_NS_ASSERTIONS = NO;
				ENABLE_STRICT_OBJC_MSGSEND = YES;
				GCC_C_LANGUAGE_STANDARD = gnu11;
				GCC_NO_COMMON_BLOCKS = YES;
				GCC_WARN_64_TO_32_BIT_CONVERSION = YES;
				GCC_WARN_ABOUT_RETURN_TYPE = YES_ERROR;
				GCC_WARN_UNDECLARED_SELECTOR = YES;
				GCC_WARN_UNINITIALIZED_AUTOS = YES_AGGRESSIVE;
				GCC_WARN_UNUSED_FUNCTION = YES;
				GCC_WARN_UNUSED_VARIABLE = YES;
				IPHONEOS_DEPLOYMENT_TARGET = 14.4;
				MTL_ENABLE_DEBUG_INFO = NO;
				MTL_FAST_MATH = YES;
				SDKROOT = iphoneos;
				SWIFT_COMPILATION_MODE = wholemodule;
				SWIFT_OPTIMIZATION_LEVEL = "-O";
				VALIDATE_PRODUCT = YES;
			};
			name = Release;
		};
		86B12B57264A8587006EE7FE /* Debug */ = {
			isa = XCBuildConfiguration;
			baseConfigurationReference = E5BBABC6525C243DBE8B8AC6 /* Pods-inviti.debug.xcconfig */;
			buildSettings = {
				ASSETCATALOG_COMPILER_APPICON_NAME = AppIcon;
				ASSETCATALOG_COMPILER_GLOBAL_ACCENT_COLOR_NAME = AccentColor;
				CODE_SIGN_STYLE = Automatic;
				DEVELOPMENT_TEAM = 5VVRV23ZK6;
				INFOPLIST_FILE = inviti/Info.plist;
				LD_RUNPATH_SEARCH_PATHS = (
					"$(inherited)",
					"@executable_path/Frameworks",
				);
				PRODUCT_BUNDLE_IDENTIFIER = moonland.inviti;
				PRODUCT_NAME = "$(TARGET_NAME)";
				SWIFT_VERSION = 5.0;
				TARGETED_DEVICE_FAMILY = "1,2";
			};
			name = Debug;
		};
		86B12B58264A8587006EE7FE /* Release */ = {
			isa = XCBuildConfiguration;
			baseConfigurationReference = A41EA7A3E1004FFDF363D424 /* Pods-inviti.release.xcconfig */;
			buildSettings = {
				ASSETCATALOG_COMPILER_APPICON_NAME = AppIcon;
				ASSETCATALOG_COMPILER_GLOBAL_ACCENT_COLOR_NAME = AccentColor;
				CODE_SIGN_STYLE = Automatic;
				DEVELOPMENT_TEAM = 5VVRV23ZK6;
				INFOPLIST_FILE = inviti/Info.plist;
				LD_RUNPATH_SEARCH_PATHS = (
					"$(inherited)",
					"@executable_path/Frameworks",
				);
				PRODUCT_BUNDLE_IDENTIFIER = moonland.inviti;
				PRODUCT_NAME = "$(TARGET_NAME)";
				SWIFT_VERSION = 5.0;
				TARGETED_DEVICE_FAMILY = "1,2";
			};
			name = Release;
		};
/* End XCBuildConfiguration section */

/* Begin XCConfigurationList section */
		86B12B3D264A8584006EE7FE /* Build configuration list for PBXProject "inviti" */ = {
			isa = XCConfigurationList;
			buildConfigurations = (
				86B12B54264A8587006EE7FE /* Debug */,
				86B12B55264A8587006EE7FE /* Release */,
			);
			defaultConfigurationIsVisible = 0;
			defaultConfigurationName = Release;
		};
		86B12B56264A8587006EE7FE /* Build configuration list for PBXNativeTarget "inviti" */ = {
			isa = XCConfigurationList;
			buildConfigurations = (
				86B12B57264A8587006EE7FE /* Debug */,
				86B12B58264A8587006EE7FE /* Release */,
			);
			defaultConfigurationIsVisible = 0;
			defaultConfigurationName = Release;
		};
/* End XCConfigurationList section */
	};
	rootObject = 86B12B3A264A8584006EE7FE /* Project object */;
}
